{
  "dependencies": {
    "axios": "~1.6.8",
    "playwright": "^1.45.3",
    "totp-generator": "~1.0.0",
    "js-yaml": "^4.1.0",
    "windmill-client": "1.373.0"
  }
}
//bun.lockb
IyEvdXNyL2Jpbi9lbnYgYnVuCmJ1bi1sb2NrZmlsZS1mb3JtYXQtdjAKAgAAAAbVNw6rqn27jJ0+9A0NUjC2go0ra4H0E6g7Tz5CvVoAmRoAAAAAAAASAAAAAAAAAAgAAAAAAAAACAAAAAAAAACAAAAAAAAAAEoSAAAAAAAAAAAAAAAAAAAAABgAAAAPAACACgAAAA4AAIBqc3NoYQAAAAAAAAAKAACAZnNldmVudHMiAQAADwAAgGpzLXlhbWwAYXJncGFyc2VheGlvcwAAAHUCAAAQAACAZwIAAA4AAIBeAgAACQAAgFsDAAAKAACAbWltZS1kYgBMAwAADwAAgB8EAAAOAACAYXN5bmNraXQAAAAAAAAAAJkNZ2P3j6j/xQvCVp82A3UrECwAGjiPt69kqF6kYPupuJCCF4XuiN6RQv/quzva747Ziw/5o6wCAg/u1VbC3sY4sP2Qx8mZ9xsiA59RoDTljroN55qjoBGPmUdo8huqLy8Bk5dey2H0w8Wk8f3GpW5PdyqfNdGv/hR4fhskoOCczq1lMqMtvooBAAAAAAAAAAAAAAAAAAAAAAAAAAAAAAAAAAAAAAAAAAAAAAAAAAAAAAAAAAAAAAAAAAAAAAAAAAAAAAAAAAAAAgAAAAAAAAAnAAAASAAAgAEAAAB1AQAAAAAAAAAAAAAAAAAAAAAAAAAAAAAAAAAAAAAAAAAAAAAAAAAAAAAAAAIAAAAAAAAAbwAAAEQAAIABAAAAAAAAAAAAAAAAAAAAAAAAAAAAAAAAAAAAAAAAAAAAAAAAAAAAAAAAAAAAAAACAAAAAAAAALMAAAAyAACAAwAAAAMAAAABAAAAAAAAAAAAAAAAAAAAAAAAAAAAAAAAAAAAAAAAAAAAAAAAAAAAAgAAAAAAAADlAAAAPQAAgAEAAAAuAAAAAQAAAAAAAAAAAAAAAAAAAAAAAAAAAAAAAAAAAAAAAAAAAAAAAAAAAAIAAAAAAAAAMQEAADgAAIACAAAAAwAAAAIAAAAAAAAAAAAAAAAAAAAAAAAAAAAAAAAAAAAAAAAAAAAAAAAAAAACAAAAAAAAAGkBAABHAACAAQAAAC4AAAABAAAAAAAAAAAAAAAAAAAAAAAAAAAAAAAAAAAAAAAAAAAAAAAAAAAAAgAAAAAAAAC+AQAANgAAgAQAAAABAAAAAAAAAAAAAAAAAAAAAAAAAAAAAAAAAAAAAAAAAAAAAAAAAAAAAAAAAAIAAAAAAAAA9AEAADgAAIACAAAAAAAAAAEAAAAAAAAAAAAAAAAAAAAAAAAAAAAAAAAAAAAAAAAAAAAAAAAAAAACAAAAAAAAACwCAAAyAACAAQAAAAYAAAAIAAAAAAAAAAAAAAAAAAAAAAAAAAAAAAAAAAAAAAAAAAAAAAAAAAAAAgAAAAAAAACFAgAASQAAgAEAAAAPAAAABgAAAAAAAAAAAAAAAAAAAAAAAAAAAAAAAAAAAAAAAAAAAAAAAAAAAAIAAAAAAAAAzgIAAEQAAIABAAAAAQAAAAAAAAAAAAAAAAAAAAAAAAAAAAAAAAAAAAAAAAAAAAAAAAAAAAAAAAACAAAAAAAAABIDAAA6AACABAAAAAAAAAAAAAAAAAAAAAAAAAAAAAAAAAAAAAAAAAAAAAAAAAAAAAAAAAAAAAAAAgAAAAAAAABlAwAAPQAAgAIAAAABAAAAIwAAAAAAAAAAAAAAAAAAAAAAAAAAAAAAAAAAAAAAAAAAAAAAAAAAAAIAAAAAAAAAogMAADcAAIABAAAANAAAAAAAAAAAAAAAAAAAAAAAAAAAAAAAAAAAAAAAAAAAAAAAAAAAAAAAAAACAAAAAAAAANkDAABGAACAAQAAAAAAAAAIAAAAAAAAAAAAAAAAAAAAAAAAAAAAAAAAAAAAAAAAAAAAAAAAAAAAAgAAAAAAAAAtBAAARAAAgAEAAAAAAAAAAAAAAAAAAAAAAAAAAAAAAAAAAAAAAAAAAAAAAAAAAAAAAAAAAAAAAAIAAAAAAAAAcQQAADgAAIAAAAAABAAAAAAAAAAAAAAAAAAAAAAAAAAAAAAAAAAAAAAAAAAAAAAAAAAAAAAAAAAAAAAABQAAAAUAAAAAAAAABQAAAAEAAAAGAAAAAAAAAAYAAAACAAAACAAAAAAAAAAIAAAAAAAAAAgAAAABAAAACQAAAAAAAAAJAAAAAwAAAAwAAAAAAAAADAAAAAAAAAAMAAAAAwAAAA8AAAABAAAAEAAAAAAAAAAQAAAAAQAAABEAAAAAAAAAEQAAAAAAAAAAAAAABQAAAAUAAAAAAAAABQAAAAEAAAAGAAAAAAAAAAYAAAACAAAACAAAAAAAAAAIAAAAAAAAAAgAAAABAAAACQAAAAAAAAAJAAAAAwAAAAwAAAAAAAAADAAAAAAAAAAMAAAAAwAAAA8AAAABAAAAEAAAAAAAAAAQAAAAAQAAABEAAAAAAAAAEQAAAAAAAAAAAP4P/gEAAAAAAAAAAAAAAAAAAAAAAAAAAAAAAAAAAAAAAAAAAAAAAAAAAAAAAAAAAAAAAAAAAAAAAAAAAAAAAAAAAAAAAAAAAAAAAAAAAAAAAAAAAQAAAQD+D/4BAAABAAAAAAAAAAAAAAAEKa7mC+loLNuWhaN/KKOsYi7yXxzi10zbbUYboXw0Xr6cjQWy8x6npqja3sKisFIpqywVLki6quy4WZurDBqppgEAAAEA/g/+AQAAAgAAAAAAAAAAAAAABCLv9S5OtPzB/BRPuXA1j4hm8CitYcc0qvik/aEqoWdQRHMxiChnDedGz9FjC4iGSkYO7dvYli8cOn/NUyAkHaABAAABAP4P/gEAAAMAAAAAAAAAAAAAAARUIxmPXYUIUxBhwUs9Gb/SU4FsuLy4zYGFc9OrDdThgB+zgBl+ICk6gEug3xxATrRnnSbUxgxNBUJ+AX8poJWFAQAAAQD+D/4BAAAEAAAAAAAAAAAAAAAEoPcr1yqoXLCkgKtD5eNUPLiN40rYEM39odNpIb6VE6S7/15gJmA1NzVv6zJYusV0e7tzvkU/utBFNa/KpxmwngEAAAEA/g8EAAAABQAAAAAAAAAAAAAABMYqjEEeMQHh07gfblpvnxUXCDoCgTIjgT/nl4sk+47IFQqtW5FcoLdNKAEqMAexHbaTh2mj4CrfNdj/Wm/gwygCAAABAP4P/gEAAAYAAAAAAAAAAAAAAASH0uohBoC/4Ji9bOxn6HdGyuoJK2QEeWCjr9MmUWy3dw5OUuCEFCUnA85kpAlMo1oPdAgHtoBVD6B9Zs3c1cHsAQAAAQD+D/4BAAAHAAAAAAAAAAAAAAAEwpxZs9NoxZaJESJGIZTyDEaYpl0FKSA+FB9aJiyemKhMwkxQg63h4T1KJgUGHpTqPDNRcmmYLugrRjJlBtWvRAEAAAEA/g/+AQAACAAAAAAAAAAAAAAABPPvVqnm2xc6V/TkflmujtvWrCKIHkTM3BrQCDXaTBx8gINdH9OWkhVQW3BKhn/z18NRIwGfqtv2xAYNw77qyt0BAAABAP4P/gEAAAkAAAAAAAAAAAAAAAS/9ke0kNTf2YOnIGgVWQRNx3+413GtZGuDdsqk4rNcUDoG+qim2zoAtIxTfLqKNjFvDYH7A+si/jp6BPMlcIsZAQAAAQD+D/4BAAAKAAAAAAAAAAAAAAAEwWN62YITEaOpSK584EZXJafH1AGpO8RVgElfkuXbTOrPX4fIfOyEpW/CsiNd8JdYrAoOvafRTOEnvsO++qCqFAEAAAEA/g/+AQAACwAAAAAAAAAAAAAABA/s5DkQmwPX9bXVkStEWgkdxj7+dHDMXK8+F/JOS00lA9Q5MOO5iiRGUDbpyLUU5FsILWlEqNUVRUSBvWV4hWIBAAABAP4P/gEAAAwAAAAAAAAAAAAAAAQRMSSVIaLm3RAxm6JegD9Dq9yfFwtA/m926BKm4DKLpJUaLZyU8+n7GASG4xocL7MaCffUp3bflbfl/sfKSRrDAQAAAQD+D/4BAAANAAAAAAAAAAAAAAAEZDY+bPm5zTTF+YpCrAU9nK0UgICYPT0QtT1NZWFv4s++TNkcgVaT0g6+4R2uI4MjQjzysHB1zxuWL50hzaeXiwEAAAEA/g/+AQAADgAAAAAAAAAAAAAABLD1OLle3WJb7ViccMMRw9D7ooVTYhO08gG0OUlsQwgfZlGLzoK6EDsGEEDijyfAiGxPtRE1ZTqCtVAtp1N4GL4BAAABAP4P/gEAAA8AAAAAAAAAAAAAAAQVA3gxF+4l4d/twFsEwkVeEpIOr7aQACsGWZEG9y8UTkEHUdkpe1IUBIOF2XP3M5jDGHyUN2e+Yw57/7lx2gR2AQAAAQD+D/4BAAAQAAAAAAAAAAAAAAAEZySD7Nf91aLB0RxL4KGrKHBXl7Eds1DAmEdcoVawXnLD7SDhpNgtuII2aAkg7a7QS41jxPSZ17p4VdGnMHk3MQEAAAEA/g/+AQAAEQAAAAAAAAAAAAAABDnovTh+LUYdGKlNxsYV+/XTP5sFYL22SWkjWkZPm7IZI9EuXHx3IGGpK3gY6x8GrVym8/iKCHWC8ayoptjI1tEBAAAAAAAAAAAAAAAAAAAAAAAAAAAAAAAAAAAAAAAAAAAAAAAAAAAAAAAAAAAAAAAAAAAAAAAAAAAAAAAAAAAAAAAAAAAAAAAAAAAAAAAAAAAAAAIAAAAAAAAACgAAgGNsaS5qcwAAAAAAAAAAAAAAAAAAAAAAAAAAAAACAAAAIgEAAA8AAIBjbGkuanMAAAIAAABqcy15YW1sALABAAAOAACAAAAAAAAAAAAAAAAAAAAAAAAAAAAAAAAAAAAAAAAAAAAAAAAAAAAAAAAAAAAAAAAAAAAAAAAAAAAAAAAAAAAAAAAAAAAAAAAAAAAAAAAAAAAAAAAAAAAAAAAAAAAAAAAAAAAAAAAAAAAAAAAAAAAAAAAAAAAAAAAAAAAAAAAAAAAAAAAAAAAAAAAAAAAAAAAAAAAAAAAAAAAAAAAAAAAAAAAAAAAAAAAAAAAAAAAAAAAAAAAAAAAAAAAAAAAAAAAAAAAAAAAAAAAAAAAAAAAAAAAAAAAAAAAAAAAAAAAAAAAAAAAAAAAAAAAAAAAAAAAAAAAAAAAAAAABAAAAAAAAAAAAAAAAAAAAAAAAAAAAAAAAAAAAAAAAAAAAAAAAAAAAAAAAAAAAAAAAAAAAAAAAAAAAAAAAAAAAAAAAAAAAAAAAAAAAAAAAAAAAAAAAAAAAAAAAAAAAAAAAAAAAAAAAAAAAAAAAAAAAAAAAAAAAAAAAAAAAAAAAAAAAAAAAAAAAAAAAAAAAAAAAAAAAAAAAAAAAAAAAAAAAAAAAAAAAAAAAAAAAAAAAAAAAAAAAAAAAAAAAAAAAAAAAAAAAAAAAAAAAAAAAAAAAAAAAAAAAAAAAAAAAAAAAAAAAAAAAAAAAAAAAAAAAAAAAAAAAAAAAAAAAAAAAAAAAAAAAAAAAAAAAAAAAAAAAAAAAAAAAAAAAAAAAAAAAAAAAAAAAAAAAAAAAAAAAAAAAAAAAAAAAAAAAAAAAAAAAAAAAAAAAAAAAAAAAAAAAAAAAAAAAAAAAAAAAAAAAAAAAAAAAAAAAAAAAAAAAAAAAAAAAAAAAAAAAAAAAAAAAAAAAAAAAAAAAAAAAAAAAAAAAAAAAAAAAAAAAAAAAAAAAAAAAAAAAAAAAAAAAAAAAAAAAAAAAAAAAAAAAAAAAAAAAAAAAAAAAAAAAAAAAAAAAAAAAAAAAAAAAAAAAAAAAAAAAAAAAAAAAAAAAAAAAAAAAAAAAAAAAAAAAAAAAAAAAAAAAAAAAAAAAAAAAAAAAAAAAAAAAAAAAAAAAAAAAAAAAAAAAAAAAAAAAAAAAAAAAAAAAAAAAAAAAAAAAAAAAAAAAAAAAAAAAAAAAAAAAAAAAAAAAAAAAAAAAAAAAAAAAAAAAAAAAAAAAAAAAAAAAAAAAAAAAAAAAAAAAAAAAAAAAAAAAAAAAAAAAAAAAAAAAAAAAAAAAAAAAAAAAAAAAAAAAAAAAAAAAAAAAAAAAAAAAAAAAAAAAAAAAAAAAAAAAAAAAAAAAAAAAAAAAAAAAAAAAAAAAAAAAAAAAAAAAAAAAAAAAAAAAAAAAAAAAAAAAAAAAAAAAAAAAAAAAAAAAAAAAAAAAAAAAAAAAAAAAAAAAAAAAAAAAAAAAAAAAAAAAAAAAAAAAAAAAAAAAAAAAAAAAAAAAAAAAAAAAAAAAAAAAAACQEgAAAAAAAKQSAAAAAAAACjxzcmMuaW5zdGFsbC5sb2NrZmlsZS5UcmVlPiAyMCBzaXplb2YsIDQgYWxpZ25vZgoAAAAAAAAAAP7/////////AAAAABEAAADQEgAAAAAAABQTAAAAAAAACjx1MzI+IDQgc2l6ZW9mLCA0IGFsaWdub2YKAAAAAAABAAAAAgAAAAMAAAAEAAAACQAAAAoAAAALAAAACAAAAAYAAAAHAAAABQAAAAwAAAANAAAADgAAABAAAAAPAAAAQBMAAAAAAACEEwAAAAAAAAo8dTMyPiA0IHNpemVvZiwgNCBhbGlnbm9mCgAJAAAABwAAAAQAAAACAAAAAQAAAAMAAAAGAAAABQAAAAgAAAAMAAAACwAAAAoAAAARAAAADwAAAA0AAAAOAAAAEAAAALgTAAAAAAAAchUAAAAAAAAKPFsyNl11OD4gMjYgc2l6ZW9mLCAxIGFsaWdub2YKAAAAAABheGlvcwAAADiw/ZDHyZn3AgF+MS42LjgAAGpzLXlhbWwAjtmLD/mjrAICAV40LjEuMAAAAAAAAAoAAICvZKhepGD7qQIBXjEuNDUuMwAKAAAADgAAgMULwlafNgN1AgF+MS4wLjAAABgAAAAPAACAmQ1nY/ePqP8CATEuMzczLjAAanNzaGEAAAArECwAGjiPtwIBXjMuMy4xAAAiAQAADwAAgJFC/+q7O9rvAgExLjQ2LjEAAGZzZXZlbnRzuJCCF4XuiN4EATIuMy4yAAAAYXJncGFyc2UCD+7VVsLexgIBXjIuMC4xAABeAgAACQAAgI+ZR2jyG6ovAgFeNC4wLjAAAGcCAAAOAACAjroN55qjoBECAV4xLjEuMAAAdQIAABAAAIAbIgOfUaA05QIBXjEuMTUuNgBhc3luY2tpdM6tZTKjLb6KAgFeMC40LjAAAEwDAAAPAACAT3cqnzXRr/4CAV4xLjAuOAAAWwMAAAoAAIAvAZOXXsth9AIBXjIuMS4xMgBtaW1lLWRiAMPFpPH9xqVuAgExLjUyLjAAAB8EAAAOAACAFHh+GySg4JwCAX4xLjAuMAAAvBUAAAAAAAC8FQAAAAAAAAo8c3JjLmluc3RhbGwuc2VtdmVyLkV4dGVybmFsU3RyaW5nPiAxNiBzaXplb2YsIDggYWxpZ25vZgroFQAAAAAAAJEaAAAAAAAACjx1OD4gMSBzaXplb2YsIDEgYWxpZ25vZgoAAHBsYXl3cmlnaHR0b3RwLWdlbmVyYXRvcndpbmRtaWxsLWNsaWVudGh0dHBzOi8vcmVnaXN0cnkubnBtanMub3JnL3dpbmRtaWxsLWNsaWVudC8tL3dpbmRtaWxsLWNsaWVudC0xLjM3My4wLnRnemh0dHBzOi8vcmVnaXN0cnkubnBtanMub3JnL3RvdHAtZ2VuZXJhdG9yLy0vdG90cC1nZW5lcmF0b3ItMS4wLjAudGd6aHR0cHM6Ly9yZWdpc3RyeS5ucG1qcy5vcmcvanNzaGEvLS9qc3NoYS0zLjMuMS50Z3podHRwczovL3JlZ2lzdHJ5Lm5wbWpzLm9yZy9wbGF5d3JpZ2h0Ly0vcGxheXdyaWdodC0xLjQ2LjEudGd6cGxheXdyaWdodC1jb3JlaHR0cHM6Ly9yZWdpc3RyeS5ucG1qcy5vcmcvZnNldmVudHMvLS9mc2V2ZW50cy0yLjMuMi50Z3podHRwczovL3JlZ2lzdHJ5Lm5wbWpzLm9yZy9wbGF5d3JpZ2h0LWNvcmUvLS9wbGF5d3JpZ2h0LWNvcmUtMS40Ni4xLnRnemJpbi9qcy15YW1sLmpzaHR0cHM6Ly9yZWdpc3RyeS5ucG1qcy5vcmcvanMteWFtbC8tL2pzLXlhbWwtNC4xLjAudGd6aHR0cHM6Ly9yZWdpc3RyeS5ucG1qcy5vcmcvYXJncGFyc2UvLS9hcmdwYXJzZS0yLjAuMS50Z3podHRwczovL3JlZ2lzdHJ5Lm5wbWpzLm9yZy9heGlvcy8tL2F4aW9zLTEuNi44LnRnemZvcm0tZGF0YXByb3h5LWZyb20tZW52Zm9sbG93LXJlZGlyZWN0c2h0dHBzOi8vcmVnaXN0cnkubnBtanMub3JnL2ZvbGxvdy1yZWRpcmVjdHMvLS9mb2xsb3ctcmVkaXJlY3RzLTEuMTUuNi50Z3podHRwczovL3JlZ2lzdHJ5Lm5wbWpzLm9yZy9wcm94eS1mcm9tLWVudi8tL3Byb3h5LWZyb20tZW52LTEuMS4wLnRnemh0dHBzOi8vcmVnaXN0cnkubnBtanMub3JnL2Zvcm0tZGF0YS8tL2Zvcm0tZGF0YS00LjAuMC50Z3pjb21iaW5lZC1zdHJlYW1taW1lLXR5cGVzaHR0cHM6Ly9yZWdpc3RyeS5ucG1qcy5vcmcvbWltZS10eXBlcy8tL21pbWUtdHlwZXMtMi4xLjM1LnRnemh0dHBzOi8vcmVnaXN0cnkubnBtanMub3JnL21pbWUtZGIvLS9taW1lLWRiLTEuNTIuMC50Z3podHRwczovL3JlZ2lzdHJ5Lm5wbWpzLm9yZy9jb21iaW5lZC1zdHJlYW0vLS9jb21iaW5lZC1zdHJlYW0tMS4wLjgudGd6ZGVsYXllZC1zdHJlYW1odHRwczovL3JlZ2lzdHJ5Lm5wbWpzLm9yZy9kZWxheWVkLXN0cmVhbS8tL2RlbGF5ZWQtc3RyZWFtLTEuMC4wLnRnemh0dHBzOi8vcmVnaXN0cnkubnBtanMub3JnL2FzeW5ja2l0Ly0vYXN5bmNraXQtMC40LjAudGd6AAAAAAAAAAAAAAAAAAAAAAAAAAAAAAAAAAAAAAAAAAAAAAAAAAAAAAAAAAAAAAAAAAAAAAAAAAAAAAAAAAAAAAAAAAAAAAAAAAAAAAAAAAAAAAAAAAAAAAAAAAAAAAAAAAAAAAAAAAAAAAAAAAAAAAAAAAAAAAAAAAAAAAAAAAAAAAAAAAAAAAAAAAAAAAAAAAAAAAAAAAA=