locks:
  f/drafts/cerebrum/public/vid_self_serve_support.flow:
    __flow_hash: 5ef50ec745bd6ca74745f6be261ce4447eb8108de8bbfd3705025ff4a1764057
    create_vid_invite_url.inline_script.ts: 870fe573f9cbfba9e61e6d94989d47a8cc09c9b058a2b753b4a4aec4cb158ed7
    send_postmark_email.inline_script.ts: 38b9b663af0fdc6df6db926a888e5d7c87a5d50b1d2f631101537eafbadf55f3
  f/drafts/cerebrum/update_the_tickets_and_pull_requests_tables_in_coda: c06ed0ff2abe2e313f0faf97adb06243a843851670b0743bd401e93f59d2aedc
  f/drafts/cerebrum/vid_user_count: 1538b8742c4189bb9853bb1ef067fda509bfc1d4a91ec919b7aaa5f0e409fbd8
  f/drafts/diplomatic_flow.flow:
    __flow_hash: 778ac694af417d2f41b5a61b87be2eda329f5dadcd1678b1505bb0445a31b03b
    inline_script_0.inline_script.ts: 314b3502c070e818c08dc4ec311ad69fda0a17246df7809f281a4d032f2f6a9b
    inline_script_1.inline_script.ts: ddc46b40af67ab714540ab52eff96d3b846d3baddd3bd35c9710b8405a0b705a
    inline_script_2.inline_script.ts: e877ce2c9c19ea1311bd6ef94f52f80ada9cff411981822fb5231db8b7ca26d0
  f/drafts/fetch_github: 0c933105e76cb1d4c051a2e8915636f4b58fe0bb65a0cf34322d8b4e87c4a15f
  f/drafts/oig_scraping_script.flow:
    __flow_hash: f3f0107d449ce3df8ec81c86402691da5d5de15209ae4c56c55d625a33f69d10
    inline_script_0.inline_script.py: 49d4e3e536e132698db63ff0e741255955042a72b2bf7cc069eaa6ed57df4cea
  f/drafts/playwright_demo: cf18064bb5fd47e22f09aff2c0e3d0aacdd24f6db9ae8b514b4f75c90e14f758
  f/drafts/tazworks/applicant_unit_test.flow:
    __flow_hash: 56403f527f210f053edf002b52b1a1978349480110c881e68e720e115993ada3
    create_applicant_data.inline_script.ts: 557153a441bebfb23625e7037931561a3546aeb6f35d8263347ef651a6364737
    login_to_tazworks_and_create_taz_order.inline_script.ts: d195093c37e5da7eb39d24622f7df137324ec3f486695993a0da39e3ee8d4517
    validate_data.inline_script.ts: 1d2195e98afca16cfaa9e0f7f20ef2c288ccbd764e715ba63f90b1b203f19403
  f/drafts/tazworks/batch_upload_polling.flow:
    __flow_hash: f31c8d47adf041bd737ec820806d3cbc303b661181b1e222b27e7df7e3ede825
    check_batch_uploads.inline_script.ts: ba0711ed91690715f14a6c8e63b1b0c4b1b2015e5c470dbb100dd0e7353bd906
    check_file_numbers_for_cra.inline_script.ts: 83ca84976debeb423d9746340eb6c211bde058f6a361385474c93a0bc647f3a2
  f/drafts/tazworks/create_applicant: 0425b1d386640d70c2c896779ea1fa9de38eaf3e59221e231f647ee5c6d0a26e
  f/integrations/cerebrum/public/vid_self_serve_support.flow:
    __flow_hash: 5ef50ec745bd6ca74745f6be261ce4447eb8108de8bbfd3705025ff4a1764057
    create_vid_invite_url.inline_script.ts: 870fe573f9cbfba9e61e6d94989d47a8cc09c9b058a2b753b4a4aec4cb158ed7
    send_postmark_email.inline_script.ts: 38b9b663af0fdc6df6db926a888e5d7c87a5d50b1d2f631101537eafbadf55f3
  f/integrations/cerebrum/public/vid_static_site.flow:
    __flow_hash: 6c91ef29b923f2592598a0357da0290ed9fff716596f1e97f26996f7862ec040
    create_and_return_the_invite.inline_script.ts: ac32a0eef9b7886bd8bc45b106d73e24e5856f94f1823185f41773612044433a
    create_the_page_rendering_blob.inline_script.ts: 09fff1563934decad217f5e6130751b89d63d7d34548977f41eac1483572d9da
    fetch_org_data_&_check_if_static_site_enabled.inline_script.ts: 85e54c4329201e410c0776f32d192cf650193984466b28de48419c353f68b101
    fetch_package_data.inline_script.ts: fc0ed53960165f491fd105641ba47fc57e98ab93733008d0e8c626e9c3c33852
    return_vid_static_site_not_enabled.inline_script.ts: af461e0bfff49b7e56c0920f96ec3568e5439c90a7fcec9a28a12f0d5b27a6bc
  f/integrations/cerebrum/update_the_tickets_and_pull_requests_tables_in_coda: d1f8e8f9d1306eb98c13be032ce003f154125252a1e29d46aa59588c085201cc
  f/integrations/cerebrum/vid_user_count: 19e3db1eded96d4400ac5767f5de8dc1e50f7a59f65dc68857ebbfa0a5156e4e
  f/integrations/olympus/public/integration.flow:
    __flow_hash: 8231f45641886f95b5d76fff21eb6b887e82299db9aa96e145e1424f6c45cd9d
    create_olympus_order.inline_script.ts: bd162144c28d07ae0dacb0eb6e4bfb7722911bd5551aad8233ab1ec9c8397391
    encode_xml.inline_script.ts: edc094e07b0245f417340cffe55eff4ebca447c02b35dfaa5941b40a84cfe465
    get_order_details.inline_script.ts: 020520e6a383e399c6ed0e2cec18778ce011680f26d8eb20952d3a3d39a8a1b8
    prepare_xml.inline_script.ts: cb5d825cc185883a343cfc93452e1ec2c752fabc1df51b80ae419df2b2424878
    remap_keys.inline_script.ts: 4fb6986a9d94a425d57d2fdc9ff41385fb18fe178dc5a581ca719464172b78ea
  f/integrations/tazworks/add_to_order/education_verification: 90e87bfc4a39f0ffc0b7ed9c2787f94c5b19e4e22b640f31b486cec94278f023
  f/integrations/tazworks/batch_upload_polling.flow:
    __flow_hash: f31c8d47adf041bd737ec820806d3cbc303b661181b1e222b27e7df7e3ede825
    check_batch_uploads.inline_script.ts: ba0711ed91690715f14a6c8e63b1b0c4b1b2015e5c470dbb100dd0e7353bd906
    check_file_numbers_for_cra.inline_script.ts: 83ca84976debeb423d9746340eb6c211bde058f6a361385474c93a0bc647f3a2
  f/integrations/tazworks/create_applicant: c388c0132f9764ec4e90a034ba92c3f1d4e09dd705e1950587ee11d1ee7d888d
  f/integrations/tazworks/diagnostic.flow:
    __flow_hash: fb06c506586814a3a424a00b6a3b2345e80fe1125c6885cb9b72a316408fd734
    diagnostics_log.inline_script.ts: 134212aec0a7c8af8c1f2215950a8b408cd62e8b4a287dd1361e538ba2ff207d
    generate_diagnostic_data.inline_script.ts: c5cb201a47562a5ff0f9bacbf472a3abf47f3354a3eff9b29ce9954049c1b6ef
  f/integrations/tazworks/get_cra_credentials: 9c04be2f6cf5be72b0e6aa7a6ed576d359b46d83632625242380efdc4953cca0
  f/integrations/tazworks/public/beam_postback.flow:
    __flow_hash: 6dc44daa1fbc75eab6e2f5c661b958b7757e28f689ead66b90058b1cd77926dc
    check_webhook_shared_secret.inline_script.ts: d2956073f6276e38e4f589df9a518635864f0a10c0f4e49e32b9bcbc9644cc9d
    get_beaminput_details.inline_script.ts: ed08383c888005e7e3021e5800798170978a12afa718c9ba15ddf19448c2425b
    get_beamrun.inline_script.ts: ab148986db4c39e0fe6501aede62173bd65257146520e274aeff45fb13d21a70
    get_tazworks_order.inline_script.ts: a5c8ffd0596d904f34892849a158604cd4ab51b0ea56dfc39ae417890ac120cd
    outcome_beamrun_not_found.inline_script.ts: a2fcb8722e102932957c6c1bd1ed3b819d463e4f546198517644b5f79748014d
    outcome_beamrun_updated.inline_script.ts: 00354db5ed563a268bcda34bbe2b862c08b8ba42555ee35ac7cc73e3cf346944
    outcome_webhook_secret_not_valid.inline_script.ts: e16efb0ce665ea9b8ae9cb80056bcb6b1eb36670a4c52ff0bb91460963977859
    update_beamrun.inline_script.ts: 1b1b926cdf7ea55e0f4e08e06729cbf73686574018627bb1eef3f82f8d46a794
  f/integrations/tazworks/public/beam.flow:
    __flow_hash: 47f2fd2b943ecc91395b1b45ef77e77f218d0ea2e8c5b53d6d5dfc87061159a6
    create_tazwork_order.inline_script.ts: 192f133f588fa9dbaaeab914fa2703cb7c80e11c0741a3ac10c217a8c67bca9d
    create_tazworks_address.inline_script.ts: 26aeeb05271dfac225821835e1d212fadec8d6661c3dd5dccaab60eac85cc601
    create_tazworks_alias.inline_script.ts: 3b9df2d750f630b14a45a7306014b2b0365f49eb717b345e6a90401dfd46ff37
    fetch_beam.inline_script.ts: 3ca3f2696d98414db71b63639a2840e5789e1632d7bfcf632ff5f56e0282fcc0
    format_values.inline_script.ts: 26e2edbe299f459a1303759a32e8e1d677cde0cd25a52613b799a9e253de6404
    get_beaminput_details.inline_script.ts: cba13cdb1e5d7088a4da890d7249f4e8ed733fb9effb0b34c5fc9868a6c517fa
    remap_keys.inline_script.ts: b3963350543d74e0c83b5dfcea8d8bf3986f10422dbfe0be56facd68861419ed
    update_beamrun_in_cortex.inline_script.ts: 0d5c47120dfde35739f8e2010f175a02ad4a3ed75ad26b38bed1db5c31443919
  f/integrations/tazworks/public/cerebrum_webhook_handler.flow:
    __flow_hash: f527dbd8d2cc98d4b1e5c89dabd44d5677a05db01295908d6228f3c65774b7d6
    fetch_order.inline_script.ts: 3e89766513fa1f6f620a9175ca1f3f6936033ca56adbfbbf37df1a4d949e5742
    outcome_applicant_data_match.inline_script.ts: 889a32340a5a073aaff103fb586ffcc873ed4ebd68a1483ebf7dc129b810ddca
    outcome_applicant_data_mismatch.inline_script.ts: f217480a2a627acc3ae943c58c923d163987972a2a243706859e65f1188b485b
    outcome_order_not_id_verified.inline_script.ts: d857ca97bf90f4a9c12e8faef6aaa544b57ea5e84ea52c3878a246e8f29e6163
    outcome_svix_webhook_invalid.inline_script.ts: 7b7689838c06b6b29bb8fc30d008fcb9a65bb2ac7c35b17cf9affcb76262d559
    transform_order_response.inline_script.ts: 80e4d213ee23dc6f51766c13dfe445b371919b4b3a58ab99d43b4f142acb50d9
    transform.inline_script.ts: 80e4d213ee23dc6f51766c13dfe445b371919b4b3a58ab99d43b4f142acb50d9
  f/integrations/tazworks/public/legacy_integration.flow:
    __flow_hash: 23a01e1cf40e582bc3cf7cd153c808010f59af3ce59e119898b4a5225a11a027
    create_tazwork_order.inline_script.ts: 795da46026e2c90eece8d24198fca19e43bdc07443291b411dd8a06c38d492c0
    create_tazworks_address.inline_script.ts: 80b9c8292d2cfc9ed9ffb21c15232b7821fa30c9fe5d30d0dcda40eedc3106fa
    create_tazworks_alias.inline_script.ts: 3f640228f5355c5470148c799cfda5a7c29b268d2de85bbb5037f8a4e7f2bb82
    fetch_package.inline_script.ts: 293b0280f33ab9dcc0a7f2f324ef85dceea0a654296232c9d1524989e7e3fbfe
    format_values.inline_script.ts: db5c8c0bda1542aab65693b6eb2a0b8d3214cd5831fbf3ad6185b2f38f243b95
    get_order_details.inline_script.ts: 1692ac366234ac01a339683fd4b80a51e39c8a02f688f678e31d30829d023b96
    remap_keys.inline_script.ts: c7fbb30384b246c22a71f4c20be00676d6bc96125c0939a2912162c510d62379
  f/integrations/tazworks/public/tazworks_webhook_handler.flow:
    __flow_hash: e568e34602408d3b236613ccd10c3a620a7e5fb8f509ab01e6d6c2b719f42376
    get_cra_credentials_from_instance_guid.inline_script.ts: b4247ae875036569e9d1f627143e47072dbb5a69e46868d8f686ff1f171881f9
    get_order_details.inline_script.ts: 85a83d14fe4ded0cca924670353a995ec93646d5774847b41a62a767375b1598
    get_packageset_from_cortex-api.inline_script.ts: 6163f5a2aa5b5f60460ac6f050ab2b4e71886b636a422437ef073094a2e618d2
    inline_script_0.inline_script.ts: d07750dd8622101f7be2d33aca8abf7590d07dcc039e8627e5d8af540b9af4e0
    outcome_other_event.inline_script.ts: 2cba54f036fb14f1ddb3832154072347a20831fccbb653b722e10c3171bd5b31
    outcome_packageset_not_found.inline_script.ts: 220de47e2b0626fbbe888292714fe386e4e0066ec4ba4ebef01b92bb950b3913
    outcome_vid_invite_generated.inline_script.ts: 1f014d4aae68df6933cc8d9177c2f4dc9e7f4c12b52090ca82d1bea3c8b8e831
    parse_and_reformat.inline_script.ts: 06cbe29d421f810065704c5ded5d31e495666739fc168cf558839e1154de8c59
    return_outcome_other_event.inline_script.ts: 0e5c051ea9bfa9afa88f60b944a9354e7e478bdadc7ef9ba8e97d9d6b0370400
    return_outcome_packageset_not_found.inline_script.ts: 83451a57f17ec9f88997f612a1438309fd11b16a96246460887f790dc51b7cad
  f/integrations/tazworks/sdk/index: b78b78b871ced5fc1705bab2ce853b3b30d4063e778d0973cc61f83611b7a1ac
  f/integrations/tazworks/update_applicant_script: 89c4e4c1bde259da90f9685f65d8244186b2625dec69bdc887071b3ab557fb5a
  f/integrations/tazworks/utils: 1e21a12769062b988c23708b2418157f10120c74f3ebcef8424e015374acb791
  f/integrations/tazworks/vid_invite_generator.flow:
    __flow_hash: 1261f9a3e39221257e41fa466dd8276fe079467fa67b39875c2ee4f9dd1fe068
    inline_script_0.inline_script.ts: cbf48bf8aa88b89154b13f7920c6f1127ade36572bbc18de48ccb631150f6d24
  f/integrations/third_degree/iowa_search.flow:
    __flow_hash: f216626d4f7f4d9b1ba53859cd1debf51eee27eb6ceb2780e5f7f3a4fb698a68
    process_iowa_search.inline_script.ts: fb3a4fabfaf37902a5b0ca95a5cd5cad9a9090aee6b1a435e2b9346a0d20c046
  f/tests/tazworks/applicant_unit_test.flow:
    __flow_hash: 56403f527f210f053edf002b52b1a1978349480110c881e68e720e115993ada3
    create_applicant_data.inline_script.ts: 557153a441bebfb23625e7037931561a3546aeb6f35d8263347ef651a6364737
    login_to_tazworks_and_create_taz_order.inline_script.ts: d195093c37e5da7eb39d24622f7df137324ec3f486695993a0da39e3ee8d4517
    validate_data.inline_script.ts: 1d2195e98afca16cfaa9e0f7f20ef2c288ccbd764e715ba63f90b1b203f19403
  f/utilities/call_graphql_query: 5a15f907472a3f7f319d7021e42ab8825e07bc6d5adab05a669752e6363e3e35
  f/utilities/generate_vid_invite: f06e44e928d35df71425bd9a8aa6f9e93daece14fb409d257ae09363f83de095
  f/utilities/get_cortex_sdk: 84e0ac6d0f8481e355d0a2335f7a60bc51096cc48516be05beb7d79eb87164da
  f/utilities/get_variable: 86d106a3ac933765ad39b96c01b7db82bd7b2f253f13ab7e8e16964b89e3bf6c
  f/utilities/tazworks/setup_client: ba6cd777b40a208d72cb94b42b1f0e23d2c473a4176e4495b226359d7ba3e99e
  f/utilities/validate_svix_webhook: d6792b076e7e521cc3c67885c1c55aaa375b4667c216b05e63902a1a2038efe6
  f/utilities/verify_hcaptcha_token: cd4b07a3498855e3236e15baa11ade1f0dc9121714b284327a8d255537510454
