{
  "dependencies": {
    "axios": "~1.6.8",
    "cheerio": "^1.0.0-rc.12",
    "date-fns": "^3.6.0",
    "playwright": "^1.45.3",
    "totp-generator": "~1.0.0",
    "js-yaml": "^4.1.0",
    "windmill-client": "1.373.0",
    "graphql-request": "~6.1.0",
    "graphql-tag": "latest"
  }
}
//bun.lockb
IyEvdXNyL2Jpbi9lbnYgYnVuCmJ1bi1sb2NrZmlsZS1mb3JtYXQtdjAKAgAAAJvjUm5lgQA1k6vMddvQR9LefCLDw1X4U4Xfxl9b3jLDU0sAAAAAAAAyAAAAAAAAAAgAAAAAAAAACAAAAAAAAACAAAAAAAAAAOoxAAAAAAAAAAAAAAAAAAAAAD4AAAAPAACAMAAAAA4AAIBqc3NoYQAAACYAAAAKAACAZnNldmVudHNIAQAADwAAgGpzLXlhbWwAYXJncGFyc2UbAAAACwAAgGdyYXBocWwAdHNsaWIAAAAMAAAADwAAgJ4DAAAhAACAkwMAAAsAAICyBAAACgAAgPgEAAAKAACAPgUAABIAAIB0cjQ2AAAAAGRhdGUtZm5zY2hlZXJpbwCuBgAADwAAgHVuZGljaQAAmgYAABQAAIBwYXJzZTUAAGVudGl0aWVzewYAAB8AAIBWBgAACgAAgJYIAAAOAACAcAYAAAsAAIBkb211dGlsc0gGAAAOAACAYAYAABAAAID0CQAADwAAgOoJAAAKAACAlQoAAAwAAIA6BgAADgAAgGNzcy13aGF0JQsAAAoAAICjCwAACQAAgGJvb2xiYXNlYXhpb3MAAABnDAAAEAAAgFkMAAAOAACAUAwAAAkAAIBNDQAACgAAgG1pbWUtZGIAPg0AAA8AAIARDgAADgAAgGFzeW5ja2l0AAAAAAAAAACZDWdj94+o/8ULwlafNgN1KxAsABo4j7evZKhepGD7qbiQgheF7ojekUL/6rs72u+O2YsP+aOsAgIP7tVWwt7GgOraerVgz0QbRHL6YyLAHUaf3aqiF7v4nWgoLWBU/J4zPZWZpO/I4oE7B9i6Np9OkPaloLodA4IRGcWXGNA41qQq3ot1SSlKOmbh2Jm1hEM9ko5E/UG+/R9+JddbPzGP7KOkMJ1N/KN/zGY/CDIIPr3rYvXul0tWJcKrpSAhdWwLaPhpNKrQopZYyzqqbk3f/9YvUwLomT5JXmfog6MEynO3joE+AiE+TuXkFpEitd2HyVj8IyM8846mfRRtQznufF0Er3hze7fJrz66ZFQ8IPkNIrUVQKDwWNo1XUxV+CC421FX1vm2QA/XJhx/65e+MHPRxFP+VfkwYdTZfl25oTiw/ZDHyZn3GyIDn1GgNOWOug3nmqOgEY+ZR2jyG6ovLwGTl17LYfTDxaTx/calbk93Kp810a/+FHh+GySg4JzOrWUyoy2+igEAAAAAAAAAAAAAAAAAAAAAAAAAAAAAAAAAAAAAAAAAAAAAAAAAAAAAAAAAAAAAAAAAAAAAAAAAAAAAAAAAAAACAAAAAAAAAE0AAABIAACAAQAAAHUBAAAAAAAAAAAAAAAAAAAAAAAAAAAAAAAAAAAAAAAAAAAAAAAAAAAAAAAAAgAAAAAAAACVAAAARAAAgAEAAAAAAAAAAAAAAAAAAAAAAAAAAAAAAAAAAAAAAAAAAAAAAAAAAAAAAAAAAAAAAAIAAAAAAAAA2QAAADIAAIADAAAAAwAAAAEAAAAAAAAAAAAAAAAAAAAAAAAAAAAAAAAAAAAAAAAAAAAAAAAAAAACAAAAAAAAAAsBAAA9AACAAQAAAC4AAAABAAAAAAAAAAAAAAAAAAAAAAAAAAAAAAAAAAAAAAAAAAAAAAAAAAAAAgAAAAAAAABXAQAAOAAAgAIAAAADAAAAAgAAAAAAAAAAAAAAAAAAAAAAAAAAAAAAAAAAAAAAAAAAAAAAAAAAAAIAAAAAAAAAjwEAAEcAAIABAAAALgAAAAEAAAAAAAAAAAAAAAAAAAAAAAAAAAAAAAAAAAAAAAAAAAAAAAAAAAACAAAAAAAAAOQBAAA2AACABAAAAAEAAAAAAAAAAAAAAAAAAAAAAAAAAAAAAAAAAAAAAAAAAAAAAAAAAAAAAAAAAgAAAAAAAAAaAgAAOAAAgAIAAAAAAAAAAQAAAAAAAAAAAAAAAAAAAAAAAAAAAAAAAAAAAAAAAAAAAAAAAAAAAAIAAAAAAAAAUgIAAD8AAIACAAAADAAAAAYAAAAAAAAAAAAAAAAAAAAAAAAAAAAAAAAAAAAAAAAAAAAAAAAAAAACAAAAAAAAAOQCAAA3AACAEAAAAAkAAAAAAAAAAAAAAAAAAAAAAAAAAAAAAAAAAAAAAAAAAAAAAAAAAAAAAAAAAgAAAAAAAAAbAwAAMgAAgAIAAAAGAAAAAwAAAAAAAAAAAAAAAAAAAAAAAAAAAAAAAAAAAAAAAAAAAAAAAAAAAAIAAAAAAAAATQMAAEYAAIAGAAAAAQAAAAAAAAAAAAAAAAAAAAAAAAAAAAAAAAAAAAAAAAAAAAAAAAAAAAAAAAACAAAAAAAAAL8DAABNAACAAwAAAAIAAAAAAAAAAAAAAAAAAAAAAAAAAAAAAAAAAAAAAAAAAAAAAAAAAAAAAAAAAgAAAAAAAAB0BAAAPgAAgAMAAAABAAAACAAAAAAAAAAAAAAAAAAAAAAAAAAAAAAAAAAAAAAAAAAAAAAAAAAAAAIAAAAAAAAAvAQAADwAAIACAAAABwAAAAAAAAAAAAAAAAAAAAAAAAAAAAAAAAAAAAAAAAAAAAAAAAAAAAAAAAACAAAAAAAAAAIFAAA8AACABQAAAAAAAAAAAAAAAAAAAAAAAAAAAAAAAAAAAAAAAAAAAAAAAAAAAAAAAAAAAAAAAgAAAAAAAABQBQAATAAAgAMAAAAAAAAAAQAAAAAAAAAAAAAAAAAAAAAAAAAAAAAAAAAAAAAAAAAAAAAAAAAAAAIAAAAAAAAAnAUAADAAAIAAAAAAAAAAAAMAAAAAAAAAAAAAAAAAAAAAAAAAAAAAAAAAAAAAAAAAAAAAAAAAAAACAAAAAAAAAMwFAAA4AACAAwAAAAYAAAAAAAAAAAAAAAAAAAAAAAAAAAAAAAAAAAAAAAAAAAAAAAAAAAAAAAAAAgAAAAAAAAAEBgAANgAAgAEAAAAAAAAAAAAAAAAAAAAAAAAAAAAAAAAAAAAAAAAAAAAAAAAAAAAAAAAAAAAAAAIAAAAAAAAAvQYAAEYAAIAEAAAAAAAAAAAAAAAAAAAAAAAAAAAAAAAAAAAAAAAAAAAAAAAAAAAAAAAAAAAAAAACAAAAAAAAAAMHAAA1AACABgAAABMAAAAHAAAAAAAAAAAAAAAAAAAAAAAAAAAAAAAAAAAAAAAAAAAAAAAAAAAAAgAAAAAAAAA4BwAAUAAAgAcAAAABAAAAAgAAAAAAAAAAAAAAAAAAAAAAAAAAAAAAAAAAAAAAAAAAAAAAAAAAAAIAAAAAAAAAiAcAADQAAIAHAAAAAQAAAAIAAAAAAAAAAAAAAAAAAAAAAAAAAAAAAAAAAAAAAAAAAAAAAAAAAAACAAAAAAAAALwHAAA4AACABAAAAAUAAAAAAAAAAAAAAAAAAAAAAAAAAAAAAAAAAAAAAAAAAAAAAAAAAAAAAAAAAgAAAAAAAAD0BwAAZgAAgAcAAAAAAAAAAAAAAAAAAAAAAAAAAAAAAAAAAAAAAAAAAAAAAAAAAAAAAAAAAAAAAAIAAAAAAAAAWggAADwAAIAFAAAAAAAAAAMAAAAAAAAAAAAAAAAAAAAAAAAAAAAAAAAAAAAAAAAAAAAAAAAAAAACAAAAAAAAAKQIAABEAACAAgAAAAMAAAAAAAAAAAAAAAAAAAAAAAAAAAAAAAAAAAAAAAAAAAAAAAAAAAAAAAAAAgAAAAAAAADoCAAAPgAAgAkAAAABAAAAAAAAAAAAAAAAAAAAAAAAAAAAAAAAAAAAAAAAAAAAAAAAAAAAAAAAAAIAAAAAAAAAJgkAADgAAIADAAAAAQAAAAAAAAAAAAAAAAAAAAAAAAAAAAAAAAAAAAAAAAAAAAAAAAAAAAAAAAACAAAAAAAAAF4JAABEAACAAgAAAAAAAAAAAAAAAAAAAAAAAAAAAAAAAAAAAAAAAAAAAAAAAAAAAAAAAAAAAAAAAgAAAAAAAACiCQAASAAAgAAAAAACAAAAAAAAAAAAAAAAAAAAAAAAAAAAAAAAAAAAAAAAAAAAAAAAAAAAAAAAAAIAAAAAAAAAAwoAAEYAAIADAAAAAQAAAAEAAAAAAAAAAAAAAAAAAAAAAAAAAAAAAAAAAAAAAAAAAAAAAAAAAAACAAAAAAAAAEkKAAA8AACAAAAAAAYAAAADAAAAAAAAAAAAAAAAAAAAAAAAAAAAAAAAAAAAAAAAAAAAAAAAAAAAAgAAAAAAAAChCgAAQAAAgAIAAAABAAAAAgAAAAAAAAAAAAAAAAAAAAAAAAAAAAAAAAAAAAAAAAAAAAAAAAAAAAIAAAAAAAAA4QoAAEQAAIACAAAAAQAAAAAAAAAAAAAAAAAAAAAAAAAAAAAAAAAAAAAAAAAAAAAAAAAAAAAAAAACAAAAAAAAAC8LAAA4AACABgAAAAEAAAAAAAAAAAAAAAAAAAAAAAAAAAAAAAAAAAAAAAAAAAAAAAAAAAAAAAAAAgAAAAAAAABnCwAAPAAAgAUAAAABAAAAAAAAAAAAAAAAAAAAAAAAAAAAAAAAAAAAAAAAAAAAAAAAAAAAAAAAAAIAAAAAAAAArAsAADoAAIACAAAAAQAAAAEAAAAAAAAAAAAAAAAAAAAAAAAAAAAAAAAAAAAAAAAAAAAAAAAAAAACAAAAAAAAAOYLAAA4AACAAQAAAAAAAAAAAAAAAAAAAAAAAAAAAAAAAAAAAAAAAAAAAAAAAAAAAAAAAAAAAAAAAgAAAAAAAAAeDAAAMgAAgAEAAAAGAAAACAAAAAAAAAAAAAAAAAAAAAAAAAAAAAAAAAAAAAAAAAAAAAAAAAAAAAIAAAAAAAAAdwwAAEkAAIABAAAADwAAAAYAAAAAAAAAAAAAAAAAAAAAAAAAAAAAAAAAAAAAAAAAAAAAAAAAAAACAAAAAAAAAMAMAABEAACAAQAAAAEAAAAAAAAAAAAAAAAAAAAAAAAAAAAAAAAAAAAAAAAAAAAAAAAAAAAAAAAAAgAAAAAAAAAEDQAAOgAAgAQAAAAAAAAAAAAAAAAAAAAAAAAAAAAAAAAAAAAAAAAAAAAAAAAAAAAAAAAAAAAAAAIAAAAAAAAAVw0AAD0AAIACAAAAAQAAACMAAAAAAAAAAAAAAAAAAAAAAAAAAAAAAAAAAAAAAAAAAAAAAAAAAAACAAAAAAAAAJQNAAA3AACAAQAAADQAAAAAAAAAAAAAAAAAAAAAAAAAAAAAAAAAAAAAAAAAAAAAAAAAAAAAAAAAAgAAAAAAAADLDQAARgAAgAEAAAAAAAAACAAAAAAAAAAAAAAAAAAAAAAAAAAAAAAAAAAAAAAAAAAAAAAAAAAAAAIAAAAAAAAAHw4AAEQAAIABAAAAAAAAAAAAAAAAAAAAAAAAAAAAAAAAAAAAAAAAAAAAAAAAAAAAAAAAAAAAAAACAAAAAAAAAGMOAAA4AACAAAAAAAQAAAAAAAAAAAAAAAAAAAAAAAAAAAAAAAAAAAAAAAAAAAAAAAAAAAAAAAAAAAAAAAkAAAAJAAAAAAAAAAkAAAABAAAACgAAAAAAAAAKAAAAAgAAAAwAAAAAAAAADAAAAAAAAAAMAAAAAQAAAA0AAAAAAAAADQAAAAIAAAAPAAAAAAAAAA8AAAAAAAAADwAAAAMAAAASAAAAAQAAABMAAAABAAAAFAAAAAIAAAAWAAAAAgAAABgAAAAAAAAAGAAAAAAAAAAYAAAAAAAAABgAAAALAAAAIwAAAAAAAAAjAAAAAAAAACMAAAABAAAAJAAAAAEAAAAlAAAAAAAAACUAAAACAAAAJwAAAAEAAAAoAAAAAAAAACgAAAAEAAAALAAAAAMAAAAvAAAAAwAAADIAAAACAAAANAAAAAEAAAA1AAAAAQAAADYAAAAAAAAANgAAAAYAAAA8AAAAAAAAADwAAAAFAAAAQQAAAAEAAABCAAAAAAAAAEIAAAADAAAARQAAAAAAAABFAAAAAAAAAEUAAAADAAAASAAAAAEAAABJAAAAAAAAAEkAAAABAAAASgAAAAAAAABKAAAAAAAAAAAAAAAJAAAACQAAAAAAAAAJAAAAAQAAAAoAAAAAAAAACgAAAAIAAAAMAAAAAAAAAAwAAAAAAAAADAAAAAEAAAANAAAAAAAAAA0AAAACAAAADwAAAAAAAAAPAAAAAAAAAA8AAAADAAAAEgAAAAEAAAATAAAAAQAAABQAAAACAAAAFgAAAAIAAAAYAAAAAAAAABgAAAAAAAAAGAAAAAAAAAAYAAAACwAAACMAAAAAAAAAIwAAAAAAAAAjAAAAAQAAACQAAAABAAAAJQAAAAAAAAAlAAAAAgAAACcAAAABAAAAKAAAAAAAAAAoAAAABAAAACwAAAADAAAALwAAAAMAAAAyAAAAAgAAADQAAAABAAAANQAAAAEAAAA2AAAAAAAAADYAAAAGAAAAPAAAAAAAAAA8AAAABQAAAEEAAAABAAAAQgAAAAAAAABCAAAAAwAAAEUAAAAAAAAARQAAAAAAAABFAAAAAwAAAEgAAAABAAAASQAAAAAAAABJAAAAAQAAAEoAAAAAAAAASgAAAAAAAAAAAP4P/gEAAAAAAAAAAAAAAAAAAAAAAAAAAAAAAAAAAAAAAAAAAAAAAAAAAAAAAAAAAAAAAAAAAAAAAAAAAAAAAAAAAAAAAAAAAAAAAAAAAAAAAAAAAQAAAQD+D/4BAAABAAAAAAAAAAAAAAAEKa7mC+loLNuWhaN/KKOsYi7yXxzi10zbbUYboXw0Xr6cjQWy8x6npqja3sKisFIpqywVLki6quy4WZurDBqppgEAAAEA/g/+AQAAAgAAAAAAAAAAAAAABCLv9S5OtPzB/BRPuXA1j4hm8CitYcc0qvik/aEqoWdQRHMxiChnDedGz9FjC4iGSkYO7dvYli8cOn/NUyAkHaABAAABAP4P/gEAAAMAAAAAAAAAAAAAAARUIxmPXYUIUxBhwUs9Gb/SU4FsuLy4zYGFc9OrDdThgB+zgBl+ICk6gEug3xxATrRnnSbUxgxNBUJ+AX8poJWFAQAAAQD+D/4BAAAEAAAAAAAAAAAAAAAEoPcr1yqoXLCkgKtD5eNUPLiN40rYEM39odNpIb6VE6S7/15gJmA1NzVv6zJYusV0e7tzvkU/utBFNa/KpxmwngEAAAEA/g8EAAAABQAAAAAAAAAAAAAABMYqjEEeMQHh07gfblpvnxUXCDoCgTIjgT/nl4sk+47IFQqtW5FcoLdNKAEqMAexHbaTh2mj4CrfNdj/Wm/gwygCAAABAP4P/gEAAAYAAAAAAAAAAAAAAASH0uohBoC/4Ji9bOxn6HdGyuoJK2QEeWCjr9MmUWy3dw5OUuCEFCUnA85kpAlMo1oPdAgHtoBVD6B9Zs3c1cHsAQAAAQD+D/4BAAAHAAAAAAAAAAAAAAAEwpxZs9NoxZaJESJGIZTyDEaYpl0FKSA+FB9aJiyemKhMwkxQg63h4T1KJgUGHpTqPDNRcmmYLugrRjJlBtWvRAEAAAEA/g/+AQAACAAAAAAAAAAAAAAABPPvVqnm2xc6V/TkflmujtvWrCKIHkTM3BrQCDXaTBx8gINdH9OWkhVQW3BKhn/z18NRIwGfqtv2xAYNw77qyt0BAAABAP4P/gEAAAkAAAAAAAAAAAAAAAQV1I1y7ZBBxaczZU29IIIMJVLk+k+qnOAVPz4ZfOom6gN3QIGdzEJjbvy7iaFE7u0yCjYmOAkDlpn6dZJD9n7GAQAAAQD+D/4BAAAKAAAAAAAAAAAAAAAEGGTKBX4SD7Wdb8mqeDLni2oaRGYQWjWHGKPQ24ZMnUtKfcsVoiv4uX8+LJr1K6U5VW2Lu1BwJnj7uiori0YtRwEAAAEA/g/+AQAACwAAAAAAAAAAAAAABMTb8SRDlIljxoVLlHUIACTyjjiXxpyMiskjnNPV5CrIHVFf9xNs78GWHXo45kYDwoHMptY7ix99tusgO7BBSSkBAAABAP4P/gEAAAwAAAAAAAAAAAAAAASn5c99LirtoikpVyCadkqEw2qGW2TbSF9e2RoiRN+OOaIownnGu3lzvjdwvTfL8rvLWuDdasgLj3EaIRDibF03AQAAAQD+D/4BAAANAAAAAAAAAAAAAAAEmB9oAsNCm9aM3/SOv4YtBMqZbYj10R7dkq8byBqxGY/ncFwhf2oQzMV+LCRlWoDSEBJ3COiR1yeDvMtsoOsuFQEAAAEA/g/+AQAADgAAAAAAAAAAAAAABHLwPicGaFNF6voelpDLwFKjxGMvdjm3relHSi31utKp/fX7SLSoweU/gZMljhVntqVMn0PiCR5qTk856pNTOioBAAABAP4P/gEAAA8AAAAAAAAAAAAAAARzgVF9Sb91txZntT7VarQDALIUv7ee3ZsTDTnB/FLP4NalayK2CZKBibLZ1B1bIoLXr3gQs+oyz9jNRI2jMu3wAQAAAQD+D/4BAAAQAAAAAAAAAAAAAAAEsaE57nupxk6v3HY35+jzBwYa0rKSy0XR8JSxZPwgLr7ys0IBzhGviA1/TUGJLmSVqs8pb9AnvICXEuOHLprYTwEAAAEA/g/+AQAAEQAAAAAAAAAAAAAABNiQJ98/AEeq4yvEpvKK0QtIf23Jfw6i+7UT3RmeCNQo3RfhGjC5mMQR8l7ii/OPXrnDxYbwaMTLH5Xzm/JMWnkBAAABAP4P/gEAABIAAAAAAAAAAAAAAAQ3dYyy6pXrqVPfQKtc1sSPHgYTCWjDe/quviYJy/qmud/CFLTWuSDIV2M80Fh31uvsuldXX4SaHTV8eerYZ2CvAQAAAQD+D/4BAAATAAAAAAAAAAAAAAAEfRHTG8g/Gif+kSh50gaGEdToemgfj74aRX3swtiouboip5JDLAyDE9F11nHMIcvOaXeOC6D7SpNhi7uFyB7UwwEAAAEA/g/+AQAAFAAAAAAAAAAAAAAABKrkvR4I0KXWlzr7Gc/Njs+7sbV4sulCLCEHKQY+x0cNjOt0pGrJvapQ6HADO4zbmsXYaT1O3OJCTfoAOTAruMMBAAABAP4P/gEAABUAAAAAAAAAAAAAAARBorGHR40iLaYT2na8R3N9qA4ocJyPWknnoQQcZA5XGnyv3+KzMtRRXu/z3H07Wn9P42VMzlbuNbr5zPgWrVhWAQAAAQD+D/4BAAAWAAAAAAAAAAAAAAAEHR3W/bMGPSr90i8AAp2C4DM3wChFdJPLrWYpIS++LxS8K+W535qftjt+4MyjNYHeWabMj1nvtmLIi7l++iq91AEAAAEA/g/+AQAAFwAAAAAAAAAAAAAABCcnkHPYsBS5+U2776gAiBf1Vxummzg3gdxcJr/0xnS5Ni321pGskhmO9mrePk8uxJD2Y/OeLuAqyAqjZNqiG6MBAAABAP4P/gEAABgAAAAAAAAAAAAAAAQLOPVZpJWlqiPTBuEzMuZYPr1qenZYfsVcwH2fVLLz9kUX2OiVJBUy7UiPlYjIaZwGaGTsQ6d2k7iYimKFWoBfAQAAAQD+D/4BAAAZAAAAAAAAAAAAAAAEV0hjH4dGPh9Ao5p0MoRY6BVqtwCjhz6vI5LT8AJ55H+4g9/4vbHx1I54fS0XuclLhDHArPQCiMjDxjaL8fPxhwEAAAEA/g/+AQAAGgAAAAAAAAAAAAAABAe+7Tma6qn1H51XDq1L33S28+KbuEaKSw/+L5rtx1D7MMEwPDh9BDFvQZVkdgdEQqImUQBxFLuyMXj9T3dVFPoBAAABAP4P/gEAABsAAAAAAAAAAAAAAARyDCW//WIVCIWdT3pdeBE6HzFN562ycmIOxNztNgIsV3379Y2Qio9PGIz/ylJ3xUiuFcZN/U3LWrWGq5WoMkHnAQAAAQD+D/4BAAAcAAAAAAAAAAAAAAAEOLETBj6w0OsagBwdXnPdN0cnMfF9opN69co+7ZrbfPGrdpPVNBUj02spi6B1N7wChLQiPn4CSH/zJvXw56gmHwEAAAEA/g/+AQAAHQAAAAAAAAAAAAAABOc34Oph1KGnq//e08ZxqcZm0e8ybT8CGBTGfx+bnE5T2YSr7bptOcojytzIGot2tA8lcb+6mKqMHmhHdp62EM0BAAABAP4P/gEAAB4AAAAAAAAAAAAAAAQfvy4yZC0jYCGAMmNZ5CYfAknZss8PcYyY7tmNr9lmHzjCSb7i634hSdR1Fry4IZfzwOJXHWPoVF7Vd/ESCMRkAQAAAQD+D/4BAAAfAAAAAAAAAAAAAAAEwIkAryiqt/nV5EQKqQpo3SToSOV9J0DnbJqwK7Wv/Trc92zIAYZ4FlMu+JPFW1DfGFt81ZTCGgDEabffXeLyJgEAAAEA/g/+AQAAIAAAAAAAAAAAAAAABI7u1qtZINOCNx7YmCDq1K3X3Q75MjvbOVzPEAI/2zetWKP1W+L4Cccub4uGMZNNYFh266H6T7acTPGyoHq/Y4YBAAABAP4P/gEAACEAAAAAAAAAAAAAAATqo3iEl0zB9gG0TdgFNMeGh65SsME9mZtBrFYCpIAtX8x4SdHnPXF3xQq53ZECQWg+SYH6GWLVNlKfKLzjHPW9AQAAAQD+D/4BAAAiAAAAAAAAAAAAAAAE4fCk79wshMdzMp2rH06qWrJE4iolqLhCUH+OiuIgU++RB0+94NlDL81atO7GX55uUKueo0txHNtvEyI6D7WdMwEAAAEA/g/+AQAAIwAAAAAAAAAAAAAABGGaNyvNkg+0YsotBNRED6Iy8+5KXqZ0kCPSMj2xx4NV113r2+XSSO7acjdgA8RnEGxxu73MkR5NHG8KnEK4lLYBAAABAP4P/gEAACQAAAAAAAAAAAAAAAT2/2QbQu/OuVy6eC2cm2kY3Fj5/MQJAqErgQYlfa8HJ6OIxfzgwU1DDhTE8mXdsVtMzD4N+zftdoiQLBNl8uHiAQAAAQD+D/4BAAAlAAAAAAAAAAAAAAAEHTUrgRJ7r4dsZKU6GjmpfRK1O76h97Z8MfS1G0FozR+oF2kG6Vfe8JE6zwrkbxigziPHinCJ+gCPjA9EaBDtRwEAAAEA/g/+AQAAJgAAAAAAAAAAAAAABJ8KERda70UZ5wqqmO7qXTkQ7Lqis6mCdvPqEjGiTDIDmrod378B6jEuxGaSD6ivBi/oPZisRdbz/2Y0njYxFR4BAAABAP4P/gEAACcAAAAAAAAAAAAAAASWqOuOZo6gCdZ8yYE8v5c2fKdmHb6zDGJfdZQTSzjIQcjqb4DCsrZRk6KYhGXdf/hBy1WpLwCJmMWrI4asxdv/AQAAAQD+D/4BAAAoAAAAAAAAAAAAAAAEJZOSA7Mo9sNGB8+UjSgzdLtokWAky1zbztM3WRLCbZ70/3cTANmQmOdR7y2g+J0e2WXywy1yS468tY+IruqEwwEAAAEA/g/+AQAAKQAAAAAAAAAAAAAABL/2R7SQ1N/Zg6cgaBVZBE3Hf7jXca1ka4N2yqTis1xQOgb6qKbbOgC0jFN8uoo2MW8NgfsD6yL+OnoE8yVwixkBAAABAP4P/gEAACoAAAAAAAAAAAAAAATBY3rZghMRo6lIrnzgRlclp8fUAak7xFWASV+S5dtM6s9fh8h87ISlb8KyI13wl1isCg69p9FM4Se+w776oKoUAQAAAQD+D/4BAAArAAAAAAAAAAAAAAAED+zkORCbA9f1tdWRK0RaCR3GPv50cMxcrz4X8k5LTSUD1Dkw47mKJEZQNunItRTkWwgtaUSo1RVFRIG9ZXiFYgEAAAEA/g/+AQAALAAAAAAAAAAAAAAABBExJJUhoubdEDGbol6AP0Or3J8XC0D+b3boEqbgMouklRotnJTz6fsYBIbjGhwvsxoJ99Sndt+Vt+X+x8pJGsMBAAABAP4P/gEAAC0AAAAAAAAAAAAAAARkNj5s+bnNNMX5ikKsBT2crRSAgJg9PRC1PU1lYW/iz75M2RyBVpPSDr7hHa4jgyNCPPKwcHXPG5YvnSHNp5eLAQAAAQD+D/4BAAAuAAAAAAAAAAAAAAAEsPU4uV7dYlvtWJxwwxHD0PuihVNiE7TyAbQ5SWxDCB9mUYvOgroQOwYQQOKPJ8CIbE+1ETVlOoK1UC2nU3gYvgEAAAEA/g/+AQAALwAAAAAAAAAAAAAABBUDeDEX7iXh3+3AWwTCRV4Skg6vtpAAKwZZkQb3LxROQQdR2Sl7UhQEg4XZc/czmMMYfJQ3Z75jDnv/uXHaBHYBAAABAP4P/gEAADAAAAAAAAAAAAAAAARnJIPs1/3VosHRHEvgoasocFeXsR2zUMCYR1yhVrBecsPtIOGk2C24gjZoCSDtrtBLjWPE9JnXunhV0acweTcxAQAAAQD+D/4BAAAxAAAAAAAAAAAAAAAEOei9OH4tRh0YqU3GxhX79dM/mwVgvbZJaSNaRk+bshkj0S5cfHcgYakreBjrHwatXKbz+IoIdYLxrKim2MjW0QEAAAAAAAAAAAAAAAAAAAAAAAAAAAAAAAAAAAAAAAAAAAAAAAAAAAAAAAAAAAAAAAAAAAAAAAAAAAAAAAAAAAAAAAAAAAAAAAAAAAAAAAAAAAAAAgAAACYAAAAKAACAY2xpLmpzAAAAAAAAAAAAAAAAAAAAAAAAAAAAAAIAAABIAQAADwAAgGNsaS5qcwAAAgAAAGpzLXlhbWwA1gEAAA4AAIAAAAAAAAAAAAAAAAAAAAAAAAAAAAAAAAAAAAAAAAAAAAAAAAAAAAAAAAAAAAAAAAAAAAAAAAAAAAAAAAAAAAAAAAAAAAAAAAAAAAAAAAAAAAAAAAAAAAAAAAAAAAAAAAAAAAAAAAAAAAAAAAAAAAAAAAAAAAAAAAAAAAAAAAAAAAAAAAAAAAAAAAAAAAAAAAAAAAAAAAAAAAAAAAAAAAAAAAAAAAAAAAAAAAAAAAAAAAAAAAAAAAAAAAAAAAAAAAAAAAAAAAAAAAAAAAAAAAAAAAAAAAAAAAAAAAAAAAAAAAAAAAAAAAAAAAAAAAAAAAAAAAAAAAAAAAAAAAAAAAAAAAAAAAAAAAAAAAAAAAAAAAAAAAAAAAAAAAAAAAAAAAAAAAAAAAAAAAAAAAAAAAAAAAAAAAAAAAAAAAAAAAAAAAAAAAAAAAAAAAAAAAAAAAAAAAAAAAAAAAAAAAAAAAAAAAAAAAAAAAAAAAAAAAAAAAAAAAAAAAAAAAAAAAAAAAAAAAAAAAAAAAAAAAAAAAAAAAAAAAAAAAAAAAAAAAAAAAAAAAAAAAAAAAAAAAAAAAAAAAAAAAAAAAAAAAAAAAAAAAAAAAAAAAAAAAAAAAAAAAAAAAAAAAAAAAAAAAAAAAAAAAAAAAAAAAAAAAAAAAAAAAAAAAAAAAAAAAAAAAAAAAAAAAAAAAAAAAAAAAAAAAAAAAAAAAAAAAAAAAAAAAAAAAAAAAAAAAAAAAAAAAAAAAAAAAAAAAAAAAAAAAAAAAAAAAAAAAAAAAAAAAAAAAAAAAAAAAAAAAAAAAAAAAAAAAAAAAAAAAAAAAAAAAAAAAAAAAAAAAAAAAAAAAAAAAAAAAAAAAAAAAAAAAAAAAAAAAAAAAAAAAAAAAAAAAAAAAAAAAAAAAAAAAAAAAAAAAAAAAAAAAAAAAAAAAAAAAAAAAAAAAAAAAAAAAAAAAAAAAAAAAAAAAAAAAAAAAAAAAAAAAAAAAAAAAAAAAAAAAAAAAAAAAAAAAAAAAAAAAAAAAAAAAAAAAAAAAAAAAAAAAAAAAAAAAAAAAAAAAAAAAAAAAAAAAAAAAAAAAAAAAAAAAAAAAAAAAAAAAAAAAAAAAAAAAAAAAAAAAAAAAAAAAAAAAAAAAAAAAAAAAAAAAAAAAAAAAAAAAAAAAAAAAAAAAAAAAAAAAAAAAABAAAAAAAAAAAAAAAAAAAAAAAAAAAAAAAAAAAAAAAAAAAAAAAAAAAAAAAAAAAAAAAAAAAAAAAAAAAAAAAAAAAAAAAAAAAAAAAAAAAAAAAAAAAAAAAAAAAAAAAAAAAAAAAAAAAAAAAAAAAAAAAAAAAAAAAAAAAAAAAAAAAAAAAAAAAAAAAAAAAAAAAAAAAAAAAAAAAAAAAAAAAAAAAAAAAAAAAAAAAAAAAAAAAAAAAAAAAAAAAAAAAAAAAAAAAAAAAAAAAAAAAAAAAAAAAAAAAAAAAAAAAAAAAAAAAAAAAAAAAAAAAAAAAAAAAAAAAAAAAAAAAAAAAAAAAAAAAAAAAAAAAAAAAAAAAAAAAAAAAAAAAAAAAAAAAAAAAAAAAAAAAAAAAAAAAAAAAAAAAAAAAAAAAAAAAAAAAAAAAAAAAAAAAAAAAAAAAAAAAAAAAAAAAAAAAAAAAAAAAAAAAAAAAAAAAAAAAAAAAAAAAAAAAAAAAAAAAAAAAAAAAAAAAAAAAAAAAAAAAAAAAAAAAAAAAAAAAAAAAAAAAAAAAAAAAAAAAAAAAAAAAAAAAAAAAAAAAAAAAAAAAAAAAAAAAAAAAAAAAAAAAAAAAAAAAAAAAAAAAAAAAAAAAAAAAAAAAAAAAAAAAAAAAAAAAAAAAAAAAAAAAAAAAAAAAAAAAAAAAAAAAAAAAAAAAAAAAAAAAAAAAAAAAAAAAAAAAAAAAAAAAAAAAAAAAAAAAAAAAAAAAAAAAAAAAAAAAAAAAAAAAAAAAAAAAAAAAAAAAAAAAAAAAAAAAAAAAAAAAAAAAAAAAAAAAAAAAAAAAAAAAAAAAAAAAAAAAAAAAAAAAAAAAAAAAAAAAAAAAAAAAAAAAAAAAAAAAAAAAAAAAAAAAAAAAAAAAAAAAAAAAAAAAAAAAAAAAAAAAAAAAAAAAAAAAAAAAAAAAAAAAAAAAAAAAAAAAAAAAAAAAAAAAAAAAAAAAAAAAAAAAAAAAAAAAAAAAAAAAAAAAAAAAAAAAAAAAAAAAAAAAAAAAAAAAAAAAAAAAAAAAAAAAAAAAAAAAAAAAAAAAAAAAAAAAAAAAAAAAAAAAAAAAAAAAAAAAAAAAAAAAAAAAAAAAAAAAAAAAAAAAAAAAAAAAAAAAAAAAAAAAAAAAAAAAAAAAAAAAAAAAAAAAAAAAAAAAAAAAAAAAAAAAAAAAAAAAAAAAAAAAAAAAAAAAAAAAAAAAAAAAAAAAAAAAAAAAAAAAAAAAAAAAAAAAAAAAAAAAAAAAAAAAAAAAAAAAAAAAAAAAAAAAAAAAAAAAAAAAAAAAAAAAAAAAAAAAAAAAAAAAAAAAAAAAAAAAAAAAAAAAAAAAAAAAAAAAAAAAAAAAAAAAAAAAAAAAAAAAAAAAAAAAAAAAAAAAAAAAAAAAAAAAAAAAAAAAAAAAAAAAAAAAAAAAAAAAAAAAAAAAAAAAAAAAAAAAAAAAAAAAAAAAAAAAAAAAAAAAAAAAAAAAAAAAAAAAAAAAAAAAAAAAAAAAAAAAAAAAAAAAAAAAAAAAAAAAAAAAAAAAAAAAAAAAAAAAAAAAAAAAAAAAAAAAAAAAAAAAAAAAAAAAAAAAAAAAAAAAAAAAAAAAAAAAAAAAAAAAAAAAAAAAAAAAAAAAAAAAAAAAAAAAAAAAAAAAAAAAAAAAAAAAAAAAAAAAAAAAAAAAAAAAAAAAAAAAAAAAAAAAAAAAAAAAAAAAAAAAAAAAAAAAAAAAAAAAAAAAAAAAAAAAAAAAAAAAAAAAAAAAAAAAAAAAAAAAAAAAAAAAAAAAAAAAAAAAAAAAAAAAAAAAAAAAAAAAAAAAAAAAAAAAAAAAAAAAAAAAAAAAAAAAAAAAAAAAAAAAAAAAAAAAAAAAAAAAAAAAAAAAAAAAAAAAAAAAAAAAAAAAAAAAAAAAAAAAAAAAAAAAAAAAAAAAAAAAAAAAAAAAAAAAAAAAAAAAAAAAAAAAAAAAAAAAAAAAAAAAAAAAAAAAAAAAAAAAAAAAAAAAAAAAAAAAAAAAAAAAAAAAAAAAAAAAAAAAAAAAAAAAAAAAAAAAAAAAAAAAAAAAAAAAAAAAAAAAAAAAAAAAAAAAAAAAAAAAAAAAAAAAAAAAAAAAAAAAAAAAAAAAAAAAAAAAAAAAAAAAAAAAAAAAAAAAAAAAAAAAAAAAAAAAAAAAAAAAAAAAAAAAAAAAAAAAAAAAAAAAAAAAAAAAAAAAAAAAAAAAAAAAAAAAAAAAAAAAAAAAAAAAAAAAAAAAAAAAAAAAAAAAAAAAAAAAAAAAAAAAAAAAAAAAAAAAAAAAAAAAAAAAAAAAAAAAAAAAAAAAAAAAAAAAAAAAAAAAAAAAAAAAAAAAAAAAAAAAAAAAAAAAAAAAAAAAAAAAAAAAAAAAAAAAAAAAAAAAAAAAAAAAAAAAAAAAAAAAAAAAAAAAAAAAAAAAAAAAAAAAAAAAAAAAAAAAAAAAAAAAAAAAAAAAAAAAAAAAAAAAAAAAAAAAAAAAAAAAAAAAAAAAAAAAAAAAAAAAAAAAAAAAAAAAAAAAAAAAAAAAAAAAAAAAAAAAAAAAAAAAAAAAAAAAAAAAAAAAAAAAAAAAAAAAAAAAAAAAAAAAAAAAAAAAAAAAAAAAAAAAAAAAAAAAAAAAAAAAAAAAAAAAAAAAAAAAAAAAAAAAAAAAAAAAAAAAAAAAAAAAAAAAAAAAAAAAAAAAAAAAAAAAAAAAAAAAAAAAAAAAAAAAAAAAAAAAAAAAAAAAAAAAAAAAAAAAAAAAAAAAAAAAAAAAAAAAAAAAAAAAAAAAAAAAAAAAAAAAAAAAAAAAAAAAAAAAAAAAAAAAAAAAAAAAAAAAAAAAAAAAAAAAAAAAAAAAAAAAAAAAAAAAAAAAAAAAAAAAAAAAAAAAAAAAAAAAAAAAAAAAAAAAAAAAAAAAAAAAAAAAAAAAAAAAAAAAAAAAAAAAAAAAAAAAAAAAAAAAAAAAAAAAAAAAAAAAAAAAAAAAAAAAAAAAAAAAAAAAAAAAAAAAAAAAAAAAAAAAAAAAAAAAAAAAAAAAAAAAAAAAAAAAAAAAAAAAAAAAAAAAAAAAAAAAAAAAAAAAAAAAAAAAAAAAAAAAAAAAAAAAAAAAAAAAAAAAAAAAAAAAAAAAAAAAAAAAAAAAAAAAAAAAAAAAAAAAAAAAAAAAAAAAAAAAAAAAAAAAAAAAAAAAAAAAAAAAAAAAAAAAAADAyAAAAAAAARDIAAAAAAAAKPHNyYy5pbnN0YWxsLmxvY2tmaWxlLlRyZWU+IDIwIHNpemVvZiwgNCBhbGlnbm9mCgAAAAAAAAAA/v////////8AAAAAMQAAAHAyAAAAAAAANDMAAAAAAAAKPHUzMj4gNCBzaXplb2YsIDQgYWxpZ25vZgoAAAAAAAEAAAACAAAAAwAAAAQAAAAFAAAABgAAAAcAAAAIAAAAQgAAAEMAAABEAAAAGAAAABkAAAAaAAAAGwAAABwAAAAdAAAAHgAAAB8AAAAgAAAAIQAAACIAAAAPAAAAEAAAABEAAAANAAAADAAAAAoAAAALAAAACQAAAEUAAABGAAAARwAAADYAAAA3AAAAOAAAADkAAAAxAAAAMgAAADMAAAATAAAASQAAAEgAAABAAAAANQAAABQAAAAWAAAAFwAAAGAzAAAAAAAAiDQAAAAAAAAKPHUzMj4gNCBzaXplb2YsIDQgYWxpZ25vZgoAKQAAABQAAAATAAAADAAAAAkAAAAHAAAABAAAAAIAAAABAAAAAwAAAAYAAAAFAAAACAAAAAsAAAAKAAAADgAAAA0AAAAKAAAACgAAAA8AAAAQAAAA/////xIAAAARAAAAJAAAAB8AAAAbAAAAHgAAACAAAAAdAAAAGAAAABoAAAAXAAAAFgAAABUAAAAYAAAAGQAAABsAAAAYAAAAHAAAABwAAAAbAAAAHgAAABkAAAAfAAAAHAAAABsAAAAcAAAAGwAAABkAAAAiAAAAIQAAACIAAAAjAAAAKAAAACYAAAAlAAAAHAAAABsAAAAeAAAAKAAAACUAAAAbAAAAHgAAACcAAAAoAAAALAAAACsAAAAqAAAAMQAAAC8AAAAtAAAALgAAADAAAAC4NAAAAAAAADw8AAAAAAAACjxbMjZddTg+IDI2IHNpemVvZiwgMSBhbGlnbm9mCgBheGlvcwAAADiw/ZDHyZn3AgF+MS42LjgAAGNoZWVyaW8AH34l11s/MY8CAQAAAAAMAACAZGF0ZS1mbnM9ko5E/UG+/QIBXjMuNi4wAAAMAAAADwAAgJ1oKC1gVPyeAgF+Ni4xLjAAABsAAAALAACAgOraerVgz0QCAmxhdGVzdAAAanMteWFtbACO2YsP+aOsAgIBXjQuMS4wAAAmAAAACgAAgK9kqF6kYPupAgFeMS40NS4zADAAAAAOAACAxQvCVp82A3UCAX4xLjAuMAAAPgAAAA8AAICZDWdj94+o/wIBMS4zNzMuMABqc3NoYQAAACsQLAAaOI+3AgFeMy4zLjEAAEgBAAAPAACAkUL/6rs72u8CATEuNDYuMQAAZnNldmVudHO4kIIXhe6I3gQBMi4zLjIAAABhcmdwYXJzZQIP7tVWwt7GAgFeMi4wLjEAAHRzbGliAAAARp/dqqIXu/gCAV4yLjEuMAAAZ3JhcGhxbAAbRHL6YyLAHRABkQIAAFMAAICTAwAACwAAgIE7B9i6Np9OAgFeMy4xLjUAAJ4DAAAhAACAMz2VmaTvyOICAV4zLjIuMAAAZ3JhcGhxbAAbRHL6YyLAHRABMTQgLSAxNgBncmFwaHFsABtEcvpjIsAdEAEMBAAAaAAAgLIEAAAKAACAkPaloLodA4ICAV4yLjYuMTIA+AQAAAoAAIARGcWXGNA41gIBXjUuMC4wAABlbmNvZGluZ4SNlVTghZG5FAFeMC4xLjAAAHRyNDYAAAAAOmbh2Jm1hEMCAX4wLjAuMwAAPgUAABIAAICkKt6LdUkpSgIBXjMuMC4wAAA6BgAADgAAgFjaNV1MVfggAgFeMi4xLjAAAEgGAAAOAACAh8lY/CMjPPMCAV4yLjAuMAAAVgYAAAoAAID/1i9TAuiZPgIBXjUuMC4zAABkb211dGlsc07l5BaRIrXdAgFeMy4xLjAAAGAGAAAQAACAjqZ9FG1DOe4CAV4wLjIuMAAAcAYAAAsAAIBzt46BPgIhPgIBXjkuMS4wAABwYXJzZTUAACXCq6UgIXVsAgFeNy4xLjIAAHsGAAAfAACAlljLOqpuTd8CAV43LjAuMAAAmgYAABQAAIC962L17pdLVgIBXjcuMS4yAAB1bmRpY2kAAH/MZj8IMgg+AgFeNi4xOS41AK4GAAAPAACA7KOkMJ1N/KMCAV40LjAuMAAAcGFyc2U1AAAlwqulICF1bAIBXjcuMC4wAABlbnRpdGllcwto+Gk0qtCiAgFeNC40LjAAAFYGAAAKAACA/9YvUwLomT4CAV41LjAuMgAAcGFyc2U1AAAlwqulICF1bAIBXjcuMC4wAACWCAAADgAAgEleZ+iDowTKAgFeMi4zLjAAAJYIAAAOAACASV5n6IOjBMoCAV4yLjMuMAAAVgYAAAoAAID/1i9TAuiZPgIBXjUuMC4zAABkb211dGlsc07l5BaRIrXdAgFeMy4xLjAAAGVudGl0aWVzC2j4aTSq0KICAV40LjUuMAAASAYAAA4AAICHyVj8IyM88wIBXjIuMC4wAACWCAAADgAAgEleZ+iDowTKAgFeMi4zLjAAAFYGAAAKAACA/9YvUwLomT4CAV41LjAuMwAAlggAAA4AAIBJXmfog6MEygIBXjIuMy4wAABWBgAACgAAgP/WL1MC6Jk+AgFeNS4wLjIAAGVudGl0aWVzC2j4aTSq0KICAV40LjIuMAAA6gkAAAoAAIDJrz66ZFQ8IAIBXjAuNi4zAAD0CQAADwAAgHxdBK94c3u3AgFeMy4xLjEAAOoJAAAKAACAya8+umRUPCACATAuNi4zAAAAlQoAAAwAAID5DSK1FUCg8AIBhQoAABAAAIBib29sYmFzZTBh1Nl+XbmhAgFeMS4wLjAAACULAAAKAACAD9cmHH/rl74CAV41LjEuMAAAY3NzLXdoYXS421FX1vm2QAIBXjYuMS4wAACWCAAADgAAgEleZ+iDowTKAgFeMi4zLjAAAFYGAAAKAACA/9YvUwLomT4CAV41LjAuMwAAZG9tdXRpbHNO5eQWkSK13QIBXjMuMC4xAABib29sYmFzZTBh1Nl+XbmhAgFeMS4wLjAAAGNzcy13aGF0uNtRV9b5tkACAV42LjEuMAAAVgYAAAoAAID/1i9TAuiZPgIBXjUuMC4yAABkb211dGlsc07l5BaRIrXdAgFeMy4wLjEAAKMLAAAJAACAMHPRxFP+VfkCAV4yLjAuMQAAYm9vbGJhc2UwYdTZfl25oQIBXjEuMC4wAABQDAAACQAAgI+ZR2jyG6ovAgFeNC4wLjAAAFkMAAAOAACAjroN55qjoBECAV4xLjEuMAAAZwwAABAAAIAbIgOfUaA05QIBXjEuMTUuNgBhc3luY2tpdM6tZTKjLb6KAgFeMC40LjAAAD4NAAAPAACAT3cqnzXRr/4CAV4xLjAuOAAATQ0AAAoAAIAvAZOXXsth9AIBXjIuMS4xMgBtaW1lLWRiAMPFpPH9xqVuAgExLjUyLjAAABEOAAAOAACAFHh+GySg4JwCAX4xLjAuMAAAhjwAAAAAAACGPAAAAAAAAAo8c3JjLmluc3RhbGwuc2VtdmVyLkV4dGVybmFsU3RyaW5nPiAxNiBzaXplb2YsIDggYWxpZ25vZgqwPAAAAAAAAEtLAAAAAAAACjx1OD4gMSBzaXplb2YsIDEgYWxpZ25vZgpeMS4wLjAtcmMuMTJncmFwaHFsLXJlcXVlc3RncmFwaHFsLXRhZ3BsYXl3cmlnaHR0b3RwLWdlbmVyYXRvcndpbmRtaWxsLWNsaWVudGh0dHBzOi8vcmVnaXN0cnkubnBtanMub3JnL3dpbmRtaWxsLWNsaWVudC8tL3dpbmRtaWxsLWNsaWVudC0xLjM3My4wLnRnemh0dHBzOi8vcmVnaXN0cnkubnBtanMub3JnL3RvdHAtZ2VuZXJhdG9yLy0vdG90cC1nZW5lcmF0b3ItMS4wLjAudGd6aHR0cHM6Ly9yZWdpc3RyeS5ucG1qcy5vcmcvanNzaGEvLS9qc3NoYS0zLjMuMS50Z3podHRwczovL3JlZ2lzdHJ5Lm5wbWpzLm9yZy9wbGF5d3JpZ2h0Ly0vcGxheXdyaWdodC0xLjQ2LjEudGd6cGxheXdyaWdodC1jb3JlaHR0cHM6Ly9yZWdpc3RyeS5ucG1qcy5vcmcvZnNldmVudHMvLS9mc2V2ZW50cy0yLjMuMi50Z3podHRwczovL3JlZ2lzdHJ5Lm5wbWpzLm9yZy9wbGF5d3JpZ2h0LWNvcmUvLS9wbGF5d3JpZ2h0LWNvcmUtMS40Ni4xLnRnemJpbi9qcy15YW1sLmpzaHR0cHM6Ly9yZWdpc3RyeS5ucG1qcy5vcmcvanMteWFtbC8tL2pzLXlhbWwtNC4xLjAudGd6aHR0cHM6Ly9yZWdpc3RyeS5ucG1qcy5vcmcvYXJncGFyc2UvLS9hcmdwYXJzZS0yLjAuMS50Z3podHRwczovL3JlZ2lzdHJ5Lm5wbWpzLm9yZy9ncmFwaHFsLXRhZy8tL2dyYXBocWwtdGFnLTIuMTIuNi50Z3peMC45LjAgfHwgXjAuMTAuMCB8fCBeMC4xMS4wIHx8IF4wLjEyLjAgfHwgXjAuMTMuMCB8fCBeMTQuMC4wIHx8IF4xNS4wLjAgfHwgXjE2LjAuMGh0dHBzOi8vcmVnaXN0cnkubnBtanMub3JnL2dyYXBocWwvLS9ncmFwaHFsLTE2LjkuMC50Z3podHRwczovL3JlZ2lzdHJ5Lm5wbWpzLm9yZy90c2xpYi8tL3RzbGliLTIuNi4zLnRnemh0dHBzOi8vcmVnaXN0cnkubnBtanMub3JnL2dyYXBocWwtcmVxdWVzdC8tL2dyYXBocWwtcmVxdWVzdC02LjEuMC50Z3pjcm9zcy1mZXRjaEBncmFwaHFsLXR5cGVkLWRvY3VtZW50LW5vZGUvY29yZWh0dHBzOi8vcmVnaXN0cnkubnBtanMub3JnL0BncmFwaHFsLXR5cGVkLWRvY3VtZW50LW5vZGUvY29yZS8tL2NvcmUtMy4yLjAudGd6XjAuOC4wIHx8IF4wLjkuMCB8fCBeMC4xMC4wIHx8IF4wLjExLjAgfHwgXjAuMTIuMCB8fCBeMC4xMy4wIHx8IF4xNC4wLjAgfHwgXjE1LjAuMCB8fCBeMTYuMC4wIHx8IF4xNy4wLjBodHRwczovL3JlZ2lzdHJ5Lm5wbWpzLm9yZy9jcm9zcy1mZXRjaC8tL2Nyb3NzLWZldGNoLTMuMS44LnRnem5vZGUtZmV0Y2hodHRwczovL3JlZ2lzdHJ5Lm5wbWpzLm9yZy9ub2RlLWZldGNoLy0vbm9kZS1mZXRjaC0yLjcuMC50Z3p3aGF0d2ctdXJsaHR0cHM6Ly9yZWdpc3RyeS5ucG1qcy5vcmcvd2hhdHdnLXVybC8tL3doYXR3Zy11cmwtNS4wLjAudGd6d2ViaWRsLWNvbnZlcnNpb25zaHR0cHM6Ly9yZWdpc3RyeS5ucG1qcy5vcmcvd2ViaWRsLWNvbnZlcnNpb25zLy0vd2ViaWRsLWNvbnZlcnNpb25zLTMuMC4xLnRnemh0dHBzOi8vcmVnaXN0cnkubnBtanMub3JnL3RyNDYvLS90cjQ2LTAuMC4zLnRnemh0dHBzOi8vcmVnaXN0cnkubnBtanMub3JnL2RhdGUtZm5zLy0vZGF0ZS1mbnMtMy42LjAudGd6aHR0cHM6Ly9yZWdpc3RyeS5ucG1qcy5vcmcvY2hlZXJpby8tL2NoZWVyaW8tMS4wLjAudGd6Y2hlZXJpby1zZWxlY3Rkb20tc2VyaWFsaXplcmRvbWhhbmRsZXJlbmNvZGluZy1zbmlmZmVyaHRtbHBhcnNlcjJwYXJzZTUtaHRtbHBhcnNlcjItdHJlZS1hZGFwdGVycGFyc2U1LXBhcnNlci1zdHJlYW13aGF0d2ctbWltZXR5cGVodHRwczovL3JlZ2lzdHJ5Lm5wbWpzLm9yZy93aGF0d2ctbWltZXR5cGUvLS93aGF0d2ctbWltZXR5cGUtNC4wLjAudGd6aHR0cHM6Ly9yZWdpc3RyeS5ucG1qcy5vcmcvdW5kaWNpLy0vdW5kaWNpLTYuMTkuNy50Z3podHRwczovL3JlZ2lzdHJ5Lm5wbWpzLm9yZy9wYXJzZTUtcGFyc2VyLXN0cmVhbS8tL3BhcnNlNS1wYXJzZXItc3RyZWFtLTcuMS4yLnRnemh0dHBzOi8vcmVnaXN0cnkubnBtanMub3JnL3BhcnNlNS8tL3BhcnNlNS03LjEuMi50Z3podHRwczovL3JlZ2lzdHJ5Lm5wbWpzLm9yZy9lbnRpdGllcy8tL2VudGl0aWVzLTQuNS4wLnRnemh0dHBzOi8vcmVnaXN0cnkubnBtanMub3JnL3BhcnNlNS1odG1scGFyc2VyMi10cmVlLWFkYXB0ZXIvLS9wYXJzZTUtaHRtbHBhcnNlcjItdHJlZS1hZGFwdGVyLTcuMC4wLnRnemh0dHBzOi8vcmVnaXN0cnkubnBtanMub3JnL2RvbWhhbmRsZXIvLS9kb21oYW5kbGVyLTUuMC4zLnRnemRvbWVsZW1lbnR0eXBlaHR0cHM6Ly9yZWdpc3RyeS5ucG1qcy5vcmcvZG9tZWxlbWVudHR5cGUvLS9kb21lbGVtZW50dHlwZS0yLjMuMC50Z3podHRwczovL3JlZ2lzdHJ5Lm5wbWpzLm9yZy9odG1scGFyc2VyMi8tL2h0bWxwYXJzZXIyLTkuMS4wLnRnemh0dHBzOi8vcmVnaXN0cnkubnBtanMub3JnL2RvbXV0aWxzLy0vZG9tdXRpbHMtMy4xLjAudGd6aHR0cHM6Ly9yZWdpc3RyeS5ucG1qcy5vcmcvZG9tLXNlcmlhbGl6ZXIvLS9kb20tc2VyaWFsaXplci0yLjAuMC50Z3podHRwczovL3JlZ2lzdHJ5Lm5wbWpzLm9yZy9lbmNvZGluZy1zbmlmZmVyLy0vZW5jb2Rpbmctc25pZmZlci0wLjIuMC50Z3ppY29udi1saXRld2hhdHdnLWVuY29kaW5naHR0cHM6Ly9yZWdpc3RyeS5ucG1qcy5vcmcvd2hhdHdnLWVuY29kaW5nLy0vd2hhdHdnLWVuY29kaW5nLTMuMS4xLnRnemh0dHBzOi8vcmVnaXN0cnkubnBtanMub3JnL2ljb252LWxpdGUvLS9pY29udi1saXRlLTAuNi4zLnRnej49IDIuMS4yIDwgMy4wLjBzYWZlci1idWZmZXJodHRwczovL3JlZ2lzdHJ5Lm5wbWpzLm9yZy9zYWZlci1idWZmZXIvLS9zYWZlci1idWZmZXItMi4xLjIudGd6aHR0cHM6Ly9yZWdpc3RyeS5ucG1qcy5vcmcvY2hlZXJpby1zZWxlY3QvLS9jaGVlcmlvLXNlbGVjdC0yLjEuMC50Z3pjc3Mtc2VsZWN0aHR0cHM6Ly9yZWdpc3RyeS5ucG1qcy5vcmcvY3NzLXdoYXQvLS9jc3Mtd2hhdC02LjEuMC50Z3podHRwczovL3JlZ2lzdHJ5Lm5wbWpzLm9yZy9jc3Mtc2VsZWN0Ly0vY3NzLXNlbGVjdC01LjEuMC50Z3pudGgtY2hlY2todHRwczovL3JlZ2lzdHJ5Lm5wbWpzLm9yZy9udGgtY2hlY2svLS9udGgtY2hlY2stMi4xLjEudGd6aHR0cHM6Ly9yZWdpc3RyeS5ucG1qcy5vcmcvYm9vbGJhc2UvLS9ib29sYmFzZS0xLjAuMC50Z3podHRwczovL3JlZ2lzdHJ5Lm5wbWpzLm9yZy9heGlvcy8tL2F4aW9zLTEuNi44LnRnemZvcm0tZGF0YXByb3h5LWZyb20tZW52Zm9sbG93LXJlZGlyZWN0c2h0dHBzOi8vcmVnaXN0cnkubnBtanMub3JnL2ZvbGxvdy1yZWRpcmVjdHMvLS9mb2xsb3ctcmVkaXJlY3RzLTEuMTUuNi50Z3podHRwczovL3JlZ2lzdHJ5Lm5wbWpzLm9yZy9wcm94eS1mcm9tLWVudi8tL3Byb3h5LWZyb20tZW52LTEuMS4wLnRnemh0dHBzOi8vcmVnaXN0cnkubnBtanMub3JnL2Zvcm0tZGF0YS8tL2Zvcm0tZGF0YS00LjAuMC50Z3pjb21iaW5lZC1zdHJlYW1taW1lLXR5cGVzaHR0cHM6Ly9yZWdpc3RyeS5ucG1qcy5vcmcvbWltZS10eXBlcy8tL21pbWUtdHlwZXMtMi4xLjM1LnRnemh0dHBzOi8vcmVnaXN0cnkubnBtanMub3JnL21pbWUtZGIvLS9taW1lLWRiLTEuNTIuMC50Z3podHRwczovL3JlZ2lzdHJ5Lm5wbWpzLm9yZy9jb21iaW5lZC1zdHJlYW0vLS9jb21iaW5lZC1zdHJlYW0tMS4wLjgudGd6ZGVsYXllZC1zdHJlYW1odHRwczovL3JlZ2lzdHJ5Lm5wbWpzLm9yZy9kZWxheWVkLXN0cmVhbS8tL2RlbGF5ZWQtc3RyZWFtLTEuMC4wLnRnemh0dHBzOi8vcmVnaXN0cnkubnBtanMub3JnL2FzeW5ja2l0Ly0vYXN5bmNraXQtMC40LjAudGd6AAAAAAAAAAAAAAAAAAAAAAAAAAAAAAAAAAAAAAAAAAAAAAAAAAAAAAAAAAAAAAAAAAAAAAAAAAAAAAAAAAAAAAAAAAAAAAAAAAAAAAAAAAAAAAAAAAAAAAAAAAAAAAAAAAAAAAAAAAAAAAAAAAAAAAAAAAAAAAAAAAAAAAAAAAAAAAAAAAAAAAAAAAAAAAAAAAAAAAAAAAA=