{
  "dependencies": {
    "@cerebruminc/neuron-sdk": "^11.18.3",
    "axios": "~1.6.8",
    "playwright": "^1.45.3",
    "totp-generator": "~1.0.0",
    "js-yaml": "^4.1.0",
    "windmill-client": "1.373.0"
  }
}
//bun.lockb
IyEvdXNyL2Jpbi9lbnYgYnVuCmJ1bi1sb2NrZmlsZS1mb3JtYXQtdjAKAgAAAHuX8MqCdcqv1GZixKWqQrQO1Hyz/r48myjS5Goo80L4hR0AAAAAAAAUAAAAAAAAAAgAAAAAAAAACAAAAAAAAACAAAAAAAAAAEQUAAAAAAAAAAAAAAAAAAAAAC8AAAAPAACAIQAAAA4AAIBqc3NoYQAAABcAAAAKAACAZnNldmVudHM5AQAADwAAgGpzLXlhbWwAYXJncGFyc2VheGlvcwAAAIwCAAAQAACAfgIAAA4AAIB1AgAACQAAgHIDAAAKAACAbWltZS1kYgBjAwAADwAAgDYEAAAOAACAYXN5bmNraXQAAAAAFwAAgHRzbGliAAAAAAAAAAAAAACZDWdj94+o/8ULwlafNgN1KxAsABo4j7evZKhepGD7qbiQgheF7ojekUL/6rs72u+O2YsP+aOsAgIP7tVWwt7GOLD9kMfJmfcbIgOfUaA05Y66Deeao6ARj5lHaPIbqi8vAZOXXsth9MPFpPH9xqVuT3cqnzXRr/4UeH4bJKDgnM6tZTKjLb6KcBhdcF1PsLBGn92qohe7+AEAAAAAAAAAAAAAAAAAAAAAAAAAAAAAAAAAAAAAAAAAAAAAAAAAAAAAAAAAAAAAAAAAAAAAAAAAAAAAAAAAAAACAAAAAAAAAD4AAABIAACAAQAAAHUBAAAAAAAAAAAAAAAAAAAAAAAAAAAAAAAAAAAAAAAAAAAAAAAAAAAAAAAAAgAAAAAAAACGAAAARAAAgAEAAAAAAAAAAAAAAAAAAAAAAAAAAAAAAAAAAAAAAAAAAAAAAAAAAAAAAAAAAAAAAAIAAAAAAAAAygAAADIAAIADAAAAAwAAAAEAAAAAAAAAAAAAAAAAAAAAAAAAAAAAAAAAAAAAAAAAAAAAAAAAAAACAAAAAAAAAPwAAAA9AACAAQAAAC4AAAABAAAAAAAAAAAAAAAAAAAAAAAAAAAAAAAAAAAAAAAAAAAAAAAAAAAAAgAAAAAAAABIAQAAOAAAgAIAAAADAAAAAgAAAAAAAAAAAAAAAAAAAAAAAAAAAAAAAAAAAAAAAAAAAAAAAAAAAAIAAAAAAAAAgAEAAEcAAIABAAAALgAAAAEAAAAAAAAAAAAAAAAAAAAAAAAAAAAAAAAAAAAAAAAAAAAAAAAAAAACAAAAAAAAANUBAAA2AACABAAAAAEAAAAAAAAAAAAAAAAAAAAAAAAAAAAAAAAAAAAAAAAAAAAAAAAAAAAAAAAAAgAAAAAAAAALAgAAOAAAgAIAAAAAAAAAAQAAAAAAAAAAAAAAAAAAAAAAAAAAAAAAAAAAAAAAAAAAAAAAAAAAAAIAAAAAAAAAQwIAADIAAIABAAAABgAAAAgAAAAAAAAAAAAAAAAAAAAAAAAAAAAAAAAAAAAAAAAAAAAAAAAAAAACAAAAAAAAAJwCAABJAACAAQAAAA8AAAAGAAAAAAAAAAAAAAAAAAAAAAAAAAAAAAAAAAAAAAAAAAAAAAAAAAAAAgAAAAAAAADlAgAARAAAgAEAAAABAAAAAAAAAAAAAAAAAAAAAAAAAAAAAAAAAAAAAAAAAAAAAAAAAAAAAAAAAAIAAAAAAAAAKQMAADoAAIAEAAAAAAAAAAAAAAAAAAAAAAAAAAAAAAAAAAAAAAAAAAAAAAAAAAAAAAAAAAAAAAACAAAAAAAAAHwDAAA9AACAAgAAAAEAAAAjAAAAAAAAAAAAAAAAAAAAAAAAAAAAAAAAAAAAAAAAAAAAAAAAAAAAAgAAAAAAAAC5AwAANwAAgAEAAAA0AAAAAAAAAAAAAAAAAAAAAAAAAAAAAAAAAAAAAAAAAAAAAAAAAAAAAAAAAAIAAAAAAAAA8AMAAEYAAIABAAAAAAAAAAgAAAAAAAAAAAAAAAAAAAAAAAAAAAAAAAAAAAAAAAAAAAAAAAAAAAACAAAAAAAAAEQEAABEAACAAQAAAAAAAAAAAAAAAAAAAAAAAAAAAAAAAAAAAAAAAAAAAAAAAAAAAAAAAAAAAAAAAgAAAAAAAACIBAAAOAAAgAAAAAAEAAAAAAAAAAAAAAAAAAAAAAAAAAAAAAAAAAAAAAAAAAAAAAAAAAAAAAAAAAIAAAAAAAAAwAQAAEsAAIALAAAAEwAAAAAAAAAAAAAAAAAAAAAAAAAAAAAAAAAAAAAAAAAAAAAAAAAAAAAAAAACAAAAAAAAAAsFAAAyAACAAgAAAAYAAAADAAAAAAAAAAAAAAAAAAAAAAAAAAAAAAAAAAAAAAAAAAAAAAAAAAAAAAAAAAYAAAAGAAAAAAAAAAYAAAABAAAABwAAAAAAAAAHAAAAAgAAAAkAAAAAAAAACQAAAAAAAAAJAAAAAQAAAAoAAAAAAAAACgAAAAMAAAANAAAAAAAAAA0AAAAAAAAADQAAAAMAAAAQAAAAAQAAABEAAAAAAAAAEQAAAAEAAAASAAAAAAAAABIAAAAAAAAAEgAAAAIAAAAUAAAAAAAAAAAAAAAGAAAABgAAAAAAAAAGAAAAAQAAAAcAAAAAAAAABwAAAAIAAAAJAAAAAAAAAAkAAAAAAAAACQAAAAEAAAAKAAAAAAAAAAoAAAADAAAADQAAAAAAAAANAAAAAAAAAA0AAAADAAAAEAAAAAEAAAARAAAAAAAAABEAAAABAAAAEgAAAAAAAAASAAAAAAAAABIAAAACAAAAFAAAAAAAAAAAAP4P/gEAAAAAAAAAAAAAAAAAAAAAAAAAAAAAAAAAAAAAAAAAAAAAAAAAAAAAAAAAAAAAAAAAAAAAAAAAAAAAAAAAAAAAAAAAAAAAAAAAAAAAAAAAAQAAAQD+D/4BAAABAAAAAAAAAAAAAAAEKa7mC+loLNuWhaN/KKOsYi7yXxzi10zbbUYboXw0Xr6cjQWy8x6npqja3sKisFIpqywVLki6quy4WZurDBqppgEAAAEA/g/+AQAAAgAAAAAAAAAAAAAABCLv9S5OtPzB/BRPuXA1j4hm8CitYcc0qvik/aEqoWdQRHMxiChnDedGz9FjC4iGSkYO7dvYli8cOn/NUyAkHaABAAABAP4P/gEAAAMAAAAAAAAAAAAAAARUIxmPXYUIUxBhwUs9Gb/SU4FsuLy4zYGFc9OrDdThgB+zgBl+ICk6gEug3xxATrRnnSbUxgxNBUJ+AX8poJWFAQAAAQD+D/4BAAAEAAAAAAAAAAAAAAAEoPcr1yqoXLCkgKtD5eNUPLiN40rYEM39odNpIb6VE6S7/15gJmA1NzVv6zJYusV0e7tzvkU/utBFNa/KpxmwngEAAAEA/g8EAAAABQAAAAAAAAAAAAAABMYqjEEeMQHh07gfblpvnxUXCDoCgTIjgT/nl4sk+47IFQqtW5FcoLdNKAEqMAexHbaTh2mj4CrfNdj/Wm/gwygCAAABAP4P/gEAAAYAAAAAAAAAAAAAAASH0uohBoC/4Ji9bOxn6HdGyuoJK2QEeWCjr9MmUWy3dw5OUuCEFCUnA85kpAlMo1oPdAgHtoBVD6B9Zs3c1cHsAQAAAQD+D/4BAAAHAAAAAAAAAAAAAAAEwpxZs9NoxZaJESJGIZTyDEaYpl0FKSA+FB9aJiyemKhMwkxQg63h4T1KJgUGHpTqPDNRcmmYLugrRjJlBtWvRAEAAAEA/g/+AQAACAAAAAAAAAAAAAAABPPvVqnm2xc6V/TkflmujtvWrCKIHkTM3BrQCDXaTBx8gINdH9OWkhVQW3BKhn/z18NRIwGfqtv2xAYNw77qyt0BAAABAP4P/gEAAAkAAAAAAAAAAAAAAAS/9ke0kNTf2YOnIGgVWQRNx3+413GtZGuDdsqk4rNcUDoG+qim2zoAtIxTfLqKNjFvDYH7A+si/jp6BPMlcIsZAQAAAQD+D/4BAAAKAAAAAAAAAAAAAAAEwWN62YITEaOpSK584EZXJafH1AGpO8RVgElfkuXbTOrPX4fIfOyEpW/CsiNd8JdYrAoOvafRTOEnvsO++qCqFAEAAAEA/g/+AQAACwAAAAAAAAAAAAAABA/s5DkQmwPX9bXVkStEWgkdxj7+dHDMXK8+F/JOS00lA9Q5MOO5iiRGUDbpyLUU5FsILWlEqNUVRUSBvWV4hWIBAAABAP4P/gEAAAwAAAAAAAAAAAAAAAQRMSSVIaLm3RAxm6JegD9Dq9yfFwtA/m926BKm4DKLpJUaLZyU8+n7GASG4xocL7MaCffUp3bflbfl/sfKSRrDAQAAAQD+D/4BAAANAAAAAAAAAAAAAAAEZDY+bPm5zTTF+YpCrAU9nK0UgICYPT0QtT1NZWFv4s++TNkcgVaT0g6+4R2uI4MjQjzysHB1zxuWL50hzaeXiwEAAAEA/g/+AQAADgAAAAAAAAAAAAAABLD1OLle3WJb7ViccMMRw9D7ooVTYhO08gG0OUlsQwgfZlGLzoK6EDsGEEDijyfAiGxPtRE1ZTqCtVAtp1N4GL4BAAABAP4P/gEAAA8AAAAAAAAAAAAAAAQVA3gxF+4l4d/twFsEwkVeEpIOr7aQACsGWZEG9y8UTkEHUdkpe1IUBIOF2XP3M5jDGHyUN2e+Yw57/7lx2gR2AQAAAQD+D/4BAAAQAAAAAAAAAAAAAAAEZySD7Nf91aLB0RxL4KGrKHBXl7Eds1DAmEdcoVawXnLD7SDhpNgtuII2aAkg7a7QS41jxPSZ17p4VdGnMHk3MQEAAAEA/g/+AQAAEQAAAAAAAAAAAAAABDnovTh+LUYdGKlNxsYV+/XTP5sFYL22SWkjWkZPm7IZI9EuXHx3IGGpK3gY6x8GrVym8/iKCHWC8ayoptjI1tEBAAABAP4P/gEAABIAAAAAAAAAAAAAAASRGpK2Dt8strqNvR++GvxWcvChNIIE3C6PxF1m4ynmD804W3cdbVbjoF0odxUVBYsfGd2hzszoe+22boYcScH3AQAAAQD+D/4BAAATAAAAAAAAAAAAAAAExNvxJEOUiWPGhUuUdQgAJPKOOJfGnIyKySOc09XkKsgdUV/3E2zvwZYdejjmRgPCgcym1juLH3226yA7sEFJKQEAAAAAAAAAAAAAAAAAAAAAAAAAAAAAAAAAAAAAAAAAAAAAAAAAAAAAAAAAAAAAAAAAAAAAAAAAAAAAAAAAAAAAAAAAAAAAAAAAAAAAAAAAAAAAAgAAABcAAAAKAACAY2xpLmpzAAAAAAAAAAAAAAAAAAAAAAAAAAAAAAIAAAA5AQAADwAAgGNsaS5qcwAAAgAAAGpzLXlhbWwAxwEAAA4AAIAAAAAAAAAAAAAAAAAAAAAAAAAAAAAAAAAAAAAAAAAAAAAAAAAAAAAAAAAAAAAAAAAAAAAAAAAAAAAAAAAAAAAAAAAAAAAAAAAAAAAAAAAAAAAAAAAAAAAAAAAAAAAAAAAAAAAAAAAAAAAAAAAAAAAAAAAAAAAAAAAAAAAAAAAAAAAAAAAAAAAAAAAAAAAAAAAAAAAAAAAAAAAAAAAAAAAAAAAAAAAAAAAAAAAAAAAAAAAAAAAAAAAAAAAAAAAAAAAAAAAAAAAAAAAAAAAAAAAAAAAAAAAAAAAAAAAAAAAAAAAAAAAAAAAAAAAAAAAAAAAAAAAAAAAAAAAAAAAAAAAAAAAAAAAAAAAAAAAAAAAAAAAAAAAAAAAAAAAAAAAAAAABAAAAAAAAAAAAAAAAAAAAAAAAAAAAAAAAAAAAAAAAAAAAAAAAAAAAAAAAAAAAAAAAAAAAAAAAAAAAAAAAAAAAAAAAAAAAAAAAAAAAAAAAAAAAAAAAAAAAAAAAAAAAAAAAAAAAAAAAAAAAAAAAAAAAAAAAAAAAAAAAAAAAAAAAAAAAAAAAAAAAAAAAAAAAAAAAAAAAAAAAAAAAAAAAAAAAAAAAAAAAAAAAAAAAAAAAAAAAAAAAAAAAAAAAAAAAAAAAAAAAAAAAAAAAAAAAAAAAAAAAAAAAAAAAAAAAAAAAAAAAAAAAAAAAAAAAAAAAAAAAAAAAAAAAAAAAAAAAAAAAAAAAAAAAAAAAAAAAAAAAAAAAAAAAAAAAAAAAAAAAAAAAAAAAAAAAAAAAAAAAAAAAAAAAAAAAAAAAAAAAAAAAAAAAAAAAAAAAAAAAAAAAAAAAAAAAAAAAAAAAAAAAAAAAAAAAAAAAAAAAAAAAAAAAAAAAAAAAAAAAAAAAAAAAAAAAAAAAAAAAAAAAAAAAAAAAAAAAAAAAAAAAAAAAAAAAAAAAAAAAAAAAAAAAAAAAAAAAAAAAAAAAAAAAAAAAAAAAAAAAAAAAAAAAAAAAAAAAAAAAAAAAAAAAAAAAAAAAAAAAAAAAAAAAAAAAAAAAAAAAAAAAAAAAAAAAAAAAAAAAAAAAAAAAAAAAAAAAAAAAAAAAAAAAAAAAAAAAAAAAAAAAAAAAAAAAAAAAAAAAAAAAAAAAAAAAAAAAAAAAAAAAAAAAAAAAAAAAAAAAAAAAAAAAAAAAAAAAAAAAAAAAAAAAAAAAAAAAAAAAAAAAAAAAAAAAAAAAAAAAAAAAAAAAAAAAAAAAAAAAAAAAAAAAAAAAAAAAAAAAAAAAAAAAAAAAAAAAAAAAAAAAAAAAAAAAAAAAAAAAAAAAAAAAAAAAAAAAAAAAAAAAAAAAAAAAAAAAAAAAAAAAAAAAAAAAAAAAAAAAAAAAAAAAAAAAAAAAAAAAAAAAAAAAAAAAAAAAAAAAAAAAAAAAAAAAAAAAAAAAAAAAAAAAAAAAAAAAAAAAAAAAAAAAAAAAAAAAAAAAAAAAAAAAAAAAAAAAAAAAAAAAAAAAAAAAAAAAAAAAAAAAAAAAAAAAAAAAAAAAAAAAAAAAAAAAAAAAAAAAAAAAAAAAAAAAAAAAAAAAAAAAAAAAAAAAAAAAAAAAAAAAAAAAAAAAAAAAAAAAAAAAAAAAAAAAAAAAAAAAAIgUAAAAAAAAnBQAAAAAAAAKPHNyYy5pbnN0YWxsLmxvY2tmaWxlLlRyZWU+IDIwIHNpemVvZiwgNCBhbGlnbm9mCgAAAAAAAP7/////////AAAAABMAAADIFAAAAAAAABQVAAAAAAAACjx1MzI+IDQgc2l6ZW9mLCA0IGFsaWdub2YKAAAAAAABAAAAAgAAAAMAAAAEAAAABQAAABMAAAAKAAAACwAAAAwAAAAJAAAABwAAAAgAAAAGAAAADQAAAA4AAAAPAAAAEQAAABAAAABAFQAAAAAAAJAVAAAAAAAACjx1MzI+IDQgc2l6ZW9mLCA0IGFsaWdub2YKABIAAAAJAAAABwAAAAQAAAACAAAAAQAAAAMAAAAGAAAABQAAAAgAAAAMAAAACwAAAAoAAAARAAAADwAAAA0AAAAOAAAAEAAAAAkAAAATAAAAwBUAAAAAAADIFwAAAAAAAAo8WzI2XXU4PiAyNiBzaXplb2YsIDEgYWxpZ25vZgoAAAAAABcAAIBwGF1wXU+wsAIBXjExLjE4LjNheGlvcwAAADiw/ZDHyZn3AgF+MS42LjgAAGpzLXlhbWwAjtmLD/mjrAICAV40LjEuMAAAFwAAAAoAAICvZKhepGD7qQIBXjEuNDUuMwAhAAAADgAAgMULwlafNgN1AgF+MS4wLjAAAC8AAAAPAACAmQ1nY/ePqP8CATEuMzczLjAAanNzaGEAAAArECwAGjiPtwIBXjMuMy4xAAA5AQAADwAAgJFC/+q7O9rvAgExLjQ2LjEAAGZzZXZlbnRzuJCCF4XuiN4EATIuMy4yAAAAYXJncGFyc2UCD+7VVsLexgIBXjIuMC4xAAB1AgAACQAAgI+ZR2jyG6ovAgFeNC4wLjAAAH4CAAAOAACAjroN55qjoBECAV4xLjEuMAAAjAIAABAAAIAbIgOfUaA05QIBXjEuMTUuNgBhc3luY2tpdM6tZTKjLb6KAgFeMC40LjAAAGMDAAAPAACAT3cqnzXRr/4CAV4xLjAuOAAAcgMAAAoAAIAvAZOXXsth9AIBXjIuMS4xMgBtaW1lLWRiAMPFpPH9xqVuAgExLjUyLjAAADYEAAAOAACAFHh+GySg4JwCAX4xLjAuMAAAYXhpb3MAAAA4sP2Qx8mZ9wIBXjEuMC4wAAB0c2xpYgAAAEaf3aqiF7v4AgFeMi40LjAAABIYAAAAAAAAEhgAAAAAAAAKPHNyYy5pbnN0YWxsLnNlbXZlci5FeHRlcm5hbFN0cmluZz4gMTYgc2l6ZW9mLCA4IGFsaWdub2YKQBgAAAAAAAB9HQAAAAAAAAo8dTg+IDEgc2l6ZW9mLCAxIGFsaWdub2YKAAAAAEBjZXJlYnJ1bWluYy9uZXVyb24tc2RrcGxheXdyaWdodHRvdHAtZ2VuZXJhdG9yd2luZG1pbGwtY2xpZW50aHR0cHM6Ly9yZWdpc3RyeS5ucG1qcy5vcmcvd2luZG1pbGwtY2xpZW50Ly0vd2luZG1pbGwtY2xpZW50LTEuMzczLjAudGd6aHR0cHM6Ly9yZWdpc3RyeS5ucG1qcy5vcmcvdG90cC1nZW5lcmF0b3IvLS90b3RwLWdlbmVyYXRvci0xLjAuMC50Z3podHRwczovL3JlZ2lzdHJ5Lm5wbWpzLm9yZy9qc3NoYS8tL2pzc2hhLTMuMy4xLnRnemh0dHBzOi8vcmVnaXN0cnkubnBtanMub3JnL3BsYXl3cmlnaHQvLS9wbGF5d3JpZ2h0LTEuNDYuMS50Z3pwbGF5d3JpZ2h0LWNvcmVodHRwczovL3JlZ2lzdHJ5Lm5wbWpzLm9yZy9mc2V2ZW50cy8tL2ZzZXZlbnRzLTIuMy4yLnRnemh0dHBzOi8vcmVnaXN0cnkubnBtanMub3JnL3BsYXl3cmlnaHQtY29yZS8tL3BsYXl3cmlnaHQtY29yZS0xLjQ2LjEudGd6YmluL2pzLXlhbWwuanNodHRwczovL3JlZ2lzdHJ5Lm5wbWpzLm9yZy9qcy15YW1sLy0vanMteWFtbC00LjEuMC50Z3podHRwczovL3JlZ2lzdHJ5Lm5wbWpzLm9yZy9hcmdwYXJzZS8tL2FyZ3BhcnNlLTIuMC4xLnRnemh0dHBzOi8vcmVnaXN0cnkubnBtanMub3JnL2F4aW9zLy0vYXhpb3MtMS42LjgudGd6Zm9ybS1kYXRhcHJveHktZnJvbS1lbnZmb2xsb3ctcmVkaXJlY3RzaHR0cHM6Ly9yZWdpc3RyeS5ucG1qcy5vcmcvZm9sbG93LXJlZGlyZWN0cy8tL2ZvbGxvdy1yZWRpcmVjdHMtMS4xNS42LnRnemh0dHBzOi8vcmVnaXN0cnkubnBtanMub3JnL3Byb3h5LWZyb20tZW52Ly0vcHJveHktZnJvbS1lbnYtMS4xLjAudGd6aHR0cHM6Ly9yZWdpc3RyeS5ucG1qcy5vcmcvZm9ybS1kYXRhLy0vZm9ybS1kYXRhLTQuMC4wLnRnemNvbWJpbmVkLXN0cmVhbW1pbWUtdHlwZXNodHRwczovL3JlZ2lzdHJ5Lm5wbWpzLm9yZy9taW1lLXR5cGVzLy0vbWltZS10eXBlcy0yLjEuMzUudGd6aHR0cHM6Ly9yZWdpc3RyeS5ucG1qcy5vcmcvbWltZS1kYi8tL21pbWUtZGItMS41Mi4wLnRnemh0dHBzOi8vcmVnaXN0cnkubnBtanMub3JnL2NvbWJpbmVkLXN0cmVhbS8tL2NvbWJpbmVkLXN0cmVhbS0xLjAuOC50Z3pkZWxheWVkLXN0cmVhbWh0dHBzOi8vcmVnaXN0cnkubnBtanMub3JnL2RlbGF5ZWQtc3RyZWFtLy0vZGVsYXllZC1zdHJlYW0tMS4wLjAudGd6aHR0cHM6Ly9yZWdpc3RyeS5ucG1qcy5vcmcvYXN5bmNraXQvLS9hc3luY2tpdC0wLjQuMC50Z3podHRwczovL3JlZ2lzdHJ5Lm5wbWpzLm9yZy9AY2VyZWJydW1pbmMvbmV1cm9uLXNkay8tL25ldXJvbi1zZGstMTEuMTkuMC50Z3podHRwczovL3JlZ2lzdHJ5Lm5wbWpzLm9yZy90c2xpYi8tL3RzbGliLTIuNi4zLnRnegAAAAAAAAAAAAAAAAAAAAAAAAAAAAAAAAAAAAAAAAAAAAAAAAAAAAAAAAAAAAAAAAAAAAAAAAAAAAAAAAAAAAAAAAAAAAAAAAAAAAAAAAAAAAAAAAAAAAAAAAAAAAAAAAAAAAAAAAAAAAAAAAAAAAAAAAAAAAAAAAAAAAAAAAAAAAAAAAAAAAAAAAAAAAAAAAAAAAAAAAAA