{
  "dependencies": {
    "graphql-request": "~6.1.0",
    "graphql-tag": "latest",
    "js-yaml": "^4.1.0",
    "windmill-client": "1.373.0"
  }
}
//bun.lockb
IyEvdXNyL2Jpbi9lbnYgYnVuCmJ1bi1sb2NrZmlsZS1mb3JtYXQtdjAKAgAAAIvj4PvZnUM3I0GV+VPgkykjVdO/Dqzr3zRg5oSuCcgsLxYAAAAAAAAOAAAAAAAAAAgAAAAAAAAACAAAAAAAAACAAAAAAAAAAFYOAAAAAAAAAAAAAAAAAAAAABoAAAAPAACAanMteWFtbABhcmdwYXJzZQ8AAAALAACAZ3JhcGhxbAB0c2xpYgAAAAAAAAAPAACAOQIAACEAAIAuAgAACwAAgE0DAAAKAACAkwMAAAoAAIDZAwAAEgAAgHRyNDYAAAAAAAAAAAAAAACZDWdj94+o/47Ziw/5o6wCAg/u1VbC3saA6tp6tWDPRBtEcvpjIsAdRp/dqqIXu/idaCgtYFT8njM9lZmk78jigTsH2Lo2n06Q9qWguh0DghEZxZcY0DjWpCrei3VJKUo6ZuHYmbWEQwEAAAAAAAAAAAAAAAAAAAAAAAAAAAAAAAAAAAAAAAAAAAAAAAAAAAAAAAAAAAAAAAAAAAAAAAAAAAAAAAAAAAACAAAAAAAAACkAAABIAACAAQAAAHUBAAAAAAAAAAAAAAAAAAAAAAAAAAAAAAAAAAAAAAAAAAAAAAAAAAAAAAAAAgAAAAAAAAB/AAAANgAAgAQAAAABAAAAAAAAAAAAAAAAAAAAAAAAAAAAAAAAAAAAAAAAAAAAAAAAAAAAAAAAAAIAAAAAAAAAtQAAADgAAIACAAAAAAAAAAEAAAAAAAAAAAAAAAAAAAAAAAAAAAAAAAAAAAAAAAAAAAAAAAAAAAACAAAAAAAAAO0AAAA/AACAAgAAAAwAAAAGAAAAAAAAAAAAAAAAAAAAAAAAAAAAAAAAAAAAAAAAAAAAAAAAAAAAAgAAAAAAAAB/AQAANwAAgBAAAAAJAAAAAAAAAAAAAAAAAAAAAAAAAAAAAAAAAAAAAAAAAAAAAAAAAAAAAAAAAAIAAAAAAAAAtgEAADIAAIACAAAABgAAAAMAAAAAAAAAAAAAAAAAAAAAAAAAAAAAAAAAAAAAAAAAAAAAAAAAAAACAAAAAAAAAOgBAABGAACABgAAAAEAAAAAAAAAAAAAAAAAAAAAAAAAAAAAAAAAAAAAAAAAAAAAAAAAAAAAAAAAAgAAAAAAAABaAgAATQAAgAMAAAACAAAAAAAAAAAAAAAAAAAAAAAAAAAAAAAAAAAAAAAAAAAAAAAAAAAAAAAAAAIAAAAAAAAADwMAAD4AAIADAAAAAQAAAAgAAAAAAAAAAAAAAAAAAAAAAAAAAAAAAAAAAAAAAAAAAAAAAAAAAAACAAAAAAAAAFcDAAA8AACAAgAAAAcAAAAAAAAAAAAAAAAAAAAAAAAAAAAAAAAAAAAAAAAAAAAAAAAAAAAAAAAAAgAAAAAAAACdAwAAPAAAgAUAAAAAAAAAAAAAAAAAAAAAAAAAAAAAAAAAAAAAAAAAAAAAAAAAAAAAAAAAAAAAAAIAAAAAAAAA6wMAAEwAAIADAAAAAAAAAAEAAAAAAAAAAAAAAAAAAAAAAAAAAAAAAAAAAAAAAAAAAAAAAAAAAAACAAAAAAAAADcEAAAwAACAAAAAAAAAAAADAAAAAAAAAAAAAAAAAAAAAAAAAAAAAAAAAAAAAAAAAAAAAAAAAAAAAAAAAAQAAAAEAAAAAAAAAAQAAAABAAAABQAAAAAAAAAFAAAAAgAAAAcAAAAAAAAABwAAAAAAAAAHAAAAAwAAAAoAAAABAAAACwAAAAEAAAAMAAAAAgAAAA4AAAACAAAAEAAAAAAAAAAQAAAAAAAAAAAAAAAEAAAABAAAAAAAAAAEAAAAAQAAAAUAAAAAAAAABQAAAAIAAAAHAAAAAAAAAAcAAAAAAAAABwAAAAMAAAAKAAAAAQAAAAsAAAABAAAADAAAAAIAAAAOAAAAAgAAABAAAAAAAAAAEAAAAAAAAAAAAP4P/gEAAAAAAAAAAAAAAAAAAAAAAAAAAAAAAAAAAAAAAAAAAAAAAAAAAAAAAAAAAAAAAAAAAAAAAAAAAAAAAAAAAAAAAAAAAAAAAAAAAAAAAAAAAQAAAQD+D/4BAAABAAAAAAAAAAAAAAAEKa7mC+loLNuWhaN/KKOsYi7yXxzi10zbbUYboXw0Xr6cjQWy8x6npqja3sKisFIpqywVLki6quy4WZurDBqppgEAAAEA/g/+AQAAAgAAAAAAAAAAAAAABMKcWbPTaMWWiREiRiGU8gxGmKZdBSkgPhQfWiYsnpioTMJMUIOt4eE9SiYFBh6U6jwzUXJpmC7oK0YyZQbVr0QBAAABAP4P/gEAAAMAAAAAAAAAAAAAAATz71ap5tsXOlf05H5Zro7b1qwiiB5EzNwa0Ag12kwcfICDXR/TlpIVUFtwSoZ/89fDUSMBn6rb9sQGDcO+6srdAQAAAQD+D/4BAAAEAAAAAAAAAAAAAAAEFdSNcu2QQcWnM2VNvSCCDCVS5PpPqpzgFT8+GXzqJuoDd0CBncxCY278u4mhRO7tMgo2JjgJA5aZ+nWSQ/Z+xgEAAAEA/g/+AQAABQAAAAAAAAAAAAAABBhkygV+Eg+1nW/Jqngy54tqGkRmEFo1hxij0NuGTJ1LSn3LFaIr+Ll/Piya9SulOVVti7tQcCZ4+7oqK4tGLUcBAAABAP4P/gEAAAYAAAAAAAAAAAAAAATE2/EkQ5SJY8aFS5R1CAAk8o44l8acjIrJI5zT1eQqyB1RX/cTbO/Blh16OOZGA8KBzKbWO4sffbbrIDuwQUkpAQAAAQD+D/4BAAAHAAAAAAAAAAAAAAAEp+XPfS4q7aIpKVcgmnZKhMNqhltk20hfXtkaIkTfjjmiKMJ5xrt5c743cL03y/K7y1rg3WrIC49xGiEQ4mxdNwEAAAEA/g/+AQAACAAAAAAAAAAAAAAABJgfaALDQpvWjN/0jr+GLQTKmW2I9dEe3ZKvG8gasRmP53BcIX9qEMzFfiwkZVqA0hASdwjokdcng7zLbKDrLhUBAAABAP4P/gEAAAkAAAAAAAAAAAAAAARy8D4nBmhTRer6HpaQy8BSo8RjL3Y5t63pR0ot9brSqf31+0i0qMHlP4GTJY4VZ7alTJ9D4gkeak5POeqTUzoqAQAAAQD+D/4BAAAKAAAAAAAAAAAAAAAEc4FRfUm/dbcWZ7U+1Wq0AwCyFL+3nt2bEw05wfxSz+DWpWsitgmSgYmy2dQdWyKC1694ELPqMs/YzUSNozLt8AEAAAEA/g/+AQAACwAAAAAAAAAAAAAABLGhOe57qcZOr9x2N+fo8wcGGtKykstF0fCUsWT8IC6+8rNCAc4Rr4gNf01BiS5klarPKW/QJ7yAlxLjhy6a2E8BAAABAP4P/gEAAAwAAAAAAAAAAAAAAATYkCffPwBHquMrxKbyitELSH9tyX8Oovu1E90ZngjUKN0X4RowuZjEEfJe4ovzj165w8WG8GjEyx+V85vyTFp5AQAAAQD+D/4BAAANAAAAAAAAAAAAAAAEN3WMsuqV66lT30CrXNbEjx4GEwlow3v6rr4mCcv6prnfwhS01rkgyFdjPNBYd9br7LpXV1+Emh01fHnq2GdgrwEAAAAAAAAAAAAAAAAAAAAAAAAAAAAAAAAAAAAAAAAAAAAAAAAAAAAAAAACAAAAanMteWFtbABxAAAADgAAgAAAAAAAAAAAAAAAAAAAAAAAAAAAAAAAAAAAAAAAAAAAAAAAAAAAAAAAAAAAAAAAAAAAAAAAAAAAAAAAAAAAAAAAAAAAAAAAAAAAAAAAAAAAAAAAAAAAAAAAAAAAAAAAAAAAAAAAAAAAAAAAAAAAAAAAAAAAAAAAAAAAAAAAAAAAAAAAAAAAAAAAAAAAAAAAAAAAAAAAAAAAAAAAAAAAAAAAAAAAAAAAAAAAAAAAAAAAAAAAAAAAAAAAAAAAAAAAAAAAAAAAAAAAAAAAAAAAAAAAAAAAAAAAAAAAAAAAAAAAAAAAAAAAAAAAAAAAAAAAAAAAAAAAAAAAAAAAAAAAAAAAAAAAAAAAAAAAAAABAAAAAAAAAAAAAAAAAAAAAAAAAAAAAAAAAAAAAAAAAAAAAAAAAAAAAAAAAAAAAAAAAAAAAAAAAAAAAAAAAAAAAAAAAAAAAAAAAAAAAAAAAAAAAAAAAAAAAAAAAAAAAAAAAAAAAAAAAAAAAAAAAAAAAAAAAAAAAAAAAAAAAAAAAAAAAAAAAAAAAAAAAAAAAAAAAAAAAAAAAAAAAAAAAAAAAAAAAAAAAAAAAAAAAAAAAAAAAAAAAAAAAAAAAAAAAAAAAAAAAAAAAAAAAAAAAAAAAAAAAAAAAAAAAAAAAAAAAAAAAAAAAAAAAAAAAAAAAAAAAAAAAAAAAAAAAAAAAAAAAAAAAAAAAAAAAAAAAAAAAAAAAAAAAAAAAAAAAAAAAAAAAAAAAAAAAAAAAAAAAAAAAAAAAAAAAAAAAAAAAAAAAAAAAAAAAAAAAAAAAAAAAAAAAAAAAAAAAAAAAAAAAAAAAAAAAAAAAAAAAAAAAAAAAAAAAAAAAAAAAAAAAAAAAAAAAAAAAAAAAAAAAAAAAAAAAAAAAAAAAAAAAAAAAAAAAAAAAAAAAAAAAAAAAAAAAAAAAAAAAAAAAAAAAAAAAAAAAAAAAAAAAAAAAAAAAAAAAAAAAAAAAAAAAAAAAAAAAAAAAAAAAAAAAAAAAAAAAAAAAAAAAAAAAAAAAAAAAAAAAAAAAAAAAAAAAAAAAAAAAAAAAAAAAAAAAAAAAAAAAAAAAAAAAAAAAAAAAAAAAAAAAAAAAAAAAAAAAAAAAAAAAAAAAAAAAAAAAAAAAAAAAAAAAAAAAAAAAAAAAAAAAAAAAAAAAAAAAAAAAAAAAAAAAAAAAAAAAAAAAAAAAAAAAJgOAAAAAAAArA4AAAAAAAAKPHNyYy5pbnN0YWxsLmxvY2tmaWxlLlRyZWU+IDIwIHNpemVvZiwgNCBhbGlnbm9mCgAAAAD+/////////wAAAAANAAAA2A4AAAAAAAAMDwAAAAAAAAo8dTMyPiA0IHNpemVvZiwgNCBhbGlnbm9mCgAAAAAAAQAAAAIAAAADAAAABwAAAAgAAAAJAAAABQAAAAQAAAALAAAADAAAAA4AAAAPAAAAOA8AAAAAAAB4DwAAAAAAAAo8dTMyPiA0IHNpemVvZiwgNCBhbGlnbm9mCgAHAAAABAAAAAIAAAABAAAAAwAAAAYAAAAFAAAACQAAAAgAAAAFAAAABQAAAAoAAAALAAAA/////w0AAAAMAAAAqA8AAAAAAABIEQAAAAAAAAo8WzI2XXU4PiAyNiBzaXplb2YsIDEgYWxpZ25vZgoAAAAAAA8AAICdaCgtYFT8ngIBfjYuMS4wAAAPAAAACwAAgIDq2nq1YM9EAgJsYXRlc3QAAGpzLXlhbWwAjtmLD/mjrAICAV40LjEuMAAAGgAAAA8AAICZDWdj94+o/wIBMS4zNzMuMABhcmdwYXJzZQIP7tVWwt7GAgFeMi4wLjEAAHRzbGliAAAARp/dqqIXu/gCAV4yLjEuMAAAZ3JhcGhxbAAbRHL6YyLAHRABLAEAAFMAAIAuAgAACwAAgIE7B9i6Np9OAgFeMy4xLjUAADkCAAAhAACAMz2VmaTvyOICAV4zLjIuMAAAZ3JhcGhxbAAbRHL6YyLAHRABMTQgLSAxNgBncmFwaHFsABtEcvpjIsAdEAGnAgAAaAAAgE0DAAAKAACAkPaloLodA4ICAV4yLjYuMTIAkwMAAAoAAIARGcWXGNA41gIBXjUuMC4wAABlbmNvZGluZ4SNlVTghZG5FAFeMC4xLjAAAHRyNDYAAAAAOmbh2Jm1hEMCAX4wLjAuMwAA2QMAABIAAICkKt6LdUkpSgIBXjMuMC4wAACSEQAAAAAAAJIRAAAAAAAACjxzcmMuaW5zdGFsbC5zZW12ZXIuRXh0ZXJuYWxTdHJpbmc+IDE2IHNpemVvZiwgOCBhbGlnbm9mCsARAAAAAAAAJxYAAAAAAAAKPHU4PiAxIHNpemVvZiwgMSBhbGlnbm9mCgAAAABncmFwaHFsLXJlcXVlc3RncmFwaHFsLXRhZ3dpbmRtaWxsLWNsaWVudGh0dHBzOi8vcmVnaXN0cnkubnBtanMub3JnL3dpbmRtaWxsLWNsaWVudC8tL3dpbmRtaWxsLWNsaWVudC0xLjM3My4wLnRnemJpbi9qcy15YW1sLmpzaHR0cHM6Ly9yZWdpc3RyeS5ucG1qcy5vcmcvanMteWFtbC8tL2pzLXlhbWwtNC4xLjAudGd6aHR0cHM6Ly9yZWdpc3RyeS5ucG1qcy5vcmcvYXJncGFyc2UvLS9hcmdwYXJzZS0yLjAuMS50Z3podHRwczovL3JlZ2lzdHJ5Lm5wbWpzLm9yZy9ncmFwaHFsLXRhZy8tL2dyYXBocWwtdGFnLTIuMTIuNi50Z3peMC45LjAgfHwgXjAuMTAuMCB8fCBeMC4xMS4wIHx8IF4wLjEyLjAgfHwgXjAuMTMuMCB8fCBeMTQuMC4wIHx8IF4xNS4wLjAgfHwgXjE2LjAuMGh0dHBzOi8vcmVnaXN0cnkubnBtanMub3JnL2dyYXBocWwvLS9ncmFwaHFsLTE2LjkuMC50Z3podHRwczovL3JlZ2lzdHJ5Lm5wbWpzLm9yZy90c2xpYi8tL3RzbGliLTIuNi4zLnRnemh0dHBzOi8vcmVnaXN0cnkubnBtanMub3JnL2dyYXBocWwtcmVxdWVzdC8tL2dyYXBocWwtcmVxdWVzdC02LjEuMC50Z3pjcm9zcy1mZXRjaEBncmFwaHFsLXR5cGVkLWRvY3VtZW50LW5vZGUvY29yZWh0dHBzOi8vcmVnaXN0cnkubnBtanMub3JnL0BncmFwaHFsLXR5cGVkLWRvY3VtZW50LW5vZGUvY29yZS8tL2NvcmUtMy4yLjAudGd6XjAuOC4wIHx8IF4wLjkuMCB8fCBeMC4xMC4wIHx8IF4wLjExLjAgfHwgXjAuMTIuMCB8fCBeMC4xMy4wIHx8IF4xNC4wLjAgfHwgXjE1LjAuMCB8fCBeMTYuMC4wIHx8IF4xNy4wLjBodHRwczovL3JlZ2lzdHJ5Lm5wbWpzLm9yZy9jcm9zcy1mZXRjaC8tL2Nyb3NzLWZldGNoLTMuMS44LnRnem5vZGUtZmV0Y2hodHRwczovL3JlZ2lzdHJ5Lm5wbWpzLm9yZy9ub2RlLWZldGNoLy0vbm9kZS1mZXRjaC0yLjcuMC50Z3p3aGF0d2ctdXJsaHR0cHM6Ly9yZWdpc3RyeS5ucG1qcy5vcmcvd2hhdHdnLXVybC8tL3doYXR3Zy11cmwtNS4wLjAudGd6d2ViaWRsLWNvbnZlcnNpb25zaHR0cHM6Ly9yZWdpc3RyeS5ucG1qcy5vcmcvd2ViaWRsLWNvbnZlcnNpb25zLy0vd2ViaWRsLWNvbnZlcnNpb25zLTMuMC4xLnRnemh0dHBzOi8vcmVnaXN0cnkubnBtanMub3JnL3RyNDYvLS90cjQ2LTAuMC4zLnRnegAAAAAAAAAAAAAAAAAAAAAAAAAAAAAAAAAAAAAAAAAAAAAAAAAAAAAAAAAAAAAAAAAAAAAAAAAAAAAAAAAAAAAAAAAAAAAAAAAAAAAAAAAAAAAAAAAAAAAAAAAAAAAAAAAAAAAAAAAAAAAAAAAAAAAAAAAAAAAAAAAAAAAAAAAAAAAAAAAAAAAAAAAAAAAAAAAAAAAAAAAA