{
  "dependencies": {
    "js-yaml": "^4.1.0",
    "windmill-client": "1.373.0"
  }
}
//bun.lockb
IyEvdXNyL2Jpbi9lbnYgYnVuCmJ1bi1sb2NrZmlsZS1mb3JtYXQtdjAKAgAAAKQRRw0MzNkX5D9nc1U6hsUmQeuqCiLLJ+s1Ut91Fr9yEwcAAAAAAAAEAAAAAAAAAAgAAAAAAAAACAAAAAAAAACAAAAAAAAAAHQEAAAAAAAAAAAAAAAAAAAAAAAAAAAPAACAanMteWFtbABhcmdwYXJzZQAAAAAAAAAAmQ1nY/ePqP+O2YsP+aOsAgIP7tVWwt7GAQAAAAAAAAAAAAAAAAAAAAAAAAAAAAAAAAAAAAAAAAAAAAAAAAAAAAAAAAAAAAAAAAAAAAAAAAAAAAAAAAAAAAIAAAAAAAAADwAAAEgAAIABAAAAdQEAAAAAAAAAAAAAAAAAAAAAAAAAAAAAAAAAAAAAAAAAAAAAAAAAAAAAAAACAAAAAAAAAGUAAAA2AACABAAAAAEAAAAAAAAAAAAAAAAAAAAAAAAAAAAAAAAAAAAAAAAAAAAAAAAAAAAAAAAAAgAAAAAAAACbAAAAOAAAgAIAAAAAAAAAAQAAAAAAAAAAAAAAAAAAAAAAAAAAAAAAAAAAAAAAAAAAAAAAAAAAAAAAAAACAAAAAgAAAAAAAAACAAAAAQAAAAMAAAAAAAAAAAAAAAIAAAACAAAAAAAAAAIAAAABAAAAAwAAAAAAAAAAAP4P/gEAAAAAAAAAAAAAAAAAAAAAAAAAAAAAAAAAAAAAAAAAAAAAAAAAAAAAAAAAAAAAAAAAAAAAAAAAAAAAAAAAAAAAAAAAAAAAAAAAAAAAAAAAAQAAAQD+D/4BAAABAAAAAAAAAAAAAAAEKa7mC+loLNuWhaN/KKOsYi7yXxzi10zbbUYboXw0Xr6cjQWy8x6npqja3sKisFIpqywVLki6quy4WZurDBqppgEAAAEA/g/+AQAAAgAAAAAAAAAAAAAABMKcWbPTaMWWiREiRiGU8gxGmKZdBSkgPhQfWiYsnpioTMJMUIOt4eE9SiYFBh6U6jwzUXJpmC7oK0YyZQbVr0QBAAABAP4P/gEAAAMAAAAAAAAAAAAAAATz71ap5tsXOlf05H5Zro7b1qwiiB5EzNwa0Ag12kwcfICDXR/TlpIVUFtwSoZ/89fDUSMBn6rb9sQGDcO+6srdAQAAAAAAAAAAAAAAAAAAAAAAAAAAAAAAAAAAAAAAAAAAAAAAAAAAAAAAAAIAAABqcy15YW1sAFcAAAAOAACAAAAAAAAAAAAAAAAAAAAAAAAAAAAAAAAAAAAAAAAAAAAAAAAAAAAAAAAAAAAAAAAAAAAAAAAAAAAAAAAAAAAAAAAAAAABAAAAAAAAAAAAAAAAAAAAAAAAAAAAAAAAAAAAAAAAAAAAAAAAAAAAAAAAAAAAAAAAAAAAAAAAAAAAAAAAAAAAAAAAAAAAAAAAAAAAAAAAAAAAAAAAAAAAAAAAAAAAAAAAAAAAAAAAAAAAAAAAAAAAAAAAAAAAAAAAAAAAAAAAAAAAAAAAAAAAAAAAAAAAAAAAAAAAuAQAAAAAAADMBAAAAAAAAAo8c3JjLmluc3RhbGwubG9ja2ZpbGUuVHJlZT4gMjAgc2l6ZW9mLCA0IGFsaWdub2YKAAAAAAAA/v////////8AAAAAAwAAAPgEAAAAAAAABAUAAAAAAAAKPHUzMj4gNCBzaXplb2YsIDQgYWxpZ25vZgoAAAAAAAEAAAACAAAAMAUAAAAAAAA8BQAAAAAAAAo8dTMyPiA0IHNpemVvZiwgNCBhbGlnbm9mCgACAAAAAQAAAAMAAABwBQAAAAAAAL4FAAAAAAAACjxbMjZddTg+IDI2IHNpemVvZiwgMSBhbGlnbm9mCgAAAAAAanMteWFtbACO2YsP+aOsAgIBXjQuMS4wAAAAAAAADwAAgJkNZ2P3j6j/AgExLjM3My4wAGFyZ3BhcnNlAg/u1VbC3sYCAV4yLjAuMQAACAYAAAAAAAAIBgAAAAAAAAo8c3JjLmluc3RhbGwuc2VtdmVyLkV4dGVybmFsU3RyaW5nPiAxNiBzaXplb2YsIDggYWxpZ25vZgo4BgAAAAAAAAsHAAAAAAAACjx1OD4gMSBzaXplb2YsIDEgYWxpZ25vZgoAAAAAAAB3aW5kbWlsbC1jbGllbnRodHRwczovL3JlZ2lzdHJ5Lm5wbWpzLm9yZy93aW5kbWlsbC1jbGllbnQvLS93aW5kbWlsbC1jbGllbnQtMS4zNzMuMC50Z3piaW4vanMteWFtbC5qc2h0dHBzOi8vcmVnaXN0cnkubnBtanMub3JnL2pzLXlhbWwvLS9qcy15YW1sLTQuMS4wLnRnemh0dHBzOi8vcmVnaXN0cnkubnBtanMub3JnL2FyZ3BhcnNlLy0vYXJncGFyc2UtMi4wLjEudGd6AAAAAAAAAAAAAAAAAAAAAAAAAAAAAAAAAAAAAAAAAAAAAAAAAAAAAAAAAAAAAAAAAAAAAAAAAAAAAAAAAAAAAAAAAAAAAAAAAAAAAAAAAAAAAAAAAAAAAAAAAAAAAAAAAAAAAAAAAAAAAAAAAAAAAAAAAAAAAAAAAAAAAAAAAAAAAAAAAAAAAAAAAAAAAAAAAAAAAAAAAAA=